<?xml version="1.0" encoding="UTF-8"?>
<!DOCTYPE plist PUBLIC "-//Apple//DTD PLIST 1.0//EN" "http://www.apple.com/DTDs/PropertyList-1.0.dtd">
<plist version="1.0">
<dict>
	<key>archiveVersion</key>
	<string>1</string>
	<key>classes</key>
	<dict/>
	<key>objectVersion</key>
	<string>46</string>
	<key>objects</key>
	<dict>
		<key>192DA89DF2BA497390A777B0</key>
		<dict>
			<key>buildActionMask</key>
			<string>2147483647</string>
			<key>files</key>
			<array/>
			<key>inputPaths</key>
			<array/>
			<key>isa</key>
			<string>PBXShellScriptBuildPhase</string>
			<key>name</key>
			<string>Check Pods Manifest.lock</string>
			<key>outputPaths</key>
			<array/>
			<key>runOnlyForDeploymentPostprocessing</key>
			<string>0</string>
			<key>shellPath</key>
			<string>/bin/sh</string>
			<key>shellScript</key>
			<string>diff "${PODS_ROOT}/../Podfile.lock" "${PODS_ROOT}/Manifest.lock" &gt; /dev/null
if [[ $? != 0 ]] ; then
    cat &lt;&lt; EOM
error: The sandbox is not in sync with the Podfile.lock. Run 'pod install' or update your CocoaPods installation.
EOM
    exit 1
fi
</string>
			<key>showEnvVarsInLog</key>
			<string>0</string>
		</dict>
		<key>36EBC54C666752E18FA34A0F</key>
		<dict>
			<key>fileEncoding</key>
			<string>4</string>
			<key>isa</key>
			<string>PBXFileReference</string>
			<key>lastKnownFileType</key>
			<string>sourcecode.c.h</string>
			<key>path</key>
			<string>Word.h</string>
			<key>sourceTree</key>
			<string>&lt;group&gt;</string>
		</dict>
		<key>36EBC8B26EBE71DE605D454D</key>
		<dict>
			<key>fileRef</key>
			<string>36EBCB78D2252B4595C0B99A</string>
			<key>isa</key>
			<string>PBXBuildFile</string>
		</dict>
		<key>36EBCA0F5A592D0D1E7386BB</key>
		<dict>
			<key>children</key>
			<array>
				<string>36EBCB78D2252B4595C0B99A</string>
				<string>36EBC54C666752E18FA34A0F</string>
			</array>
			<key>isa</key>
			<string>PBXGroup</string>
			<key>path</key>
			<string>Models</string>
			<key>sourceTree</key>
			<string>&lt;group&gt;</string>
		</dict>
		<key>36EBCB78D2252B4595C0B99A</key>
		<dict>
			<key>fileEncoding</key>
			<string>4</string>
			<key>isa</key>
			<string>PBXFileReference</string>
			<key>lastKnownFileType</key>
			<string>sourcecode.c.objc</string>
			<key>path</key>
			<string>Word.m</string>
			<key>sourceTree</key>
			<string>&lt;group&gt;</string>
		</dict>
		<key>487B5B93B6AC466BBE517BAC</key>
		<dict>
			<key>includeInIndex</key>
			<string>1</string>
			<key>isa</key>
			<string>PBXFileReference</string>
			<key>lastKnownFileType</key>
			<string>text.xcconfig</string>
			<key>name</key>
			<string>Pods.xcconfig</string>
			<key>path</key>
			<string>Pods/Pods.xcconfig</string>
			<key>sourceTree</key>
			<string>SOURCE_ROOT</string>
		</dict>
		<key>8E648B7415602DA500D3EC22</key>
		<dict>
			<key>children</key>
			<array>
				<string>8E91031817CE6DC100638303</string>
				<string>8E91031617CE6D6500638303</string>
				<string>8E91031417CE6D5700638303</string>
				<string>8E91031217CE6D4500638303</string>
				<string>8E91031017CE6D0100638303</string>
				<string>8E91030E17CE6CF900638303</string>
				<string>8E91030C17CE6CF400638303</string>
				<string>8E91030117CE6CEC00638303</string>
				<string>8E91030217CE6CEC00638303</string>
				<string>8E91030317CE6CEC00638303</string>
				<string>8E91030417CE6CEC00638303</string>
				<string>8E9102F417CE05BE00638303</string>
				<string>8E9102F217CE058400638303</string>
				<string>8E9102F017CE057000638303</string>
				<string>8E9102EE17CE056500638303</string>
				<string>8E9102E217CE052500638303</string>
				<string>8E648B8915602DA500D3EC22</string>
				<string>8E648B8215602DA500D3EC22</string>
				<string>8E648B8015602DA500D3EC22</string>
				<string>487B5B93B6AC466BBE517BAC</string>
			</array>
			<key>isa</key>
			<string>PBXGroup</string>
			<key>sourceTree</key>
			<string>&lt;group&gt;</string>
		</dict>
		<key>8E648B7615602DA500D3EC22</key>
		<dict>
			<key>attributes</key>
			<dict>
				<key>LastUpgradeCheck</key>
				<string>0430</string>
				<key>ORGANIZATIONNAME</key>
				<string>rganeyev@gmail.com</string>
			</dict>
			<key>buildConfigurationList</key>
			<string>8E648B7915602DA500D3EC22</string>
			<key>compatibilityVersion</key>
			<string>Xcode 3.2</string>
			<key>developmentRegion</key>
			<string>English</string>
			<key>hasScannedForEncodings</key>
			<string>0</string>
			<key>isa</key>
			<string>PBXProject</string>
			<key>knownRegions</key>
			<array>
				<string>en</string>
			</array>
			<key>mainGroup</key>
			<string>8E648B7415602DA500D3EC22</string>
			<key>productRefGroup</key>
			<string>8E648B8015602DA500D3EC22</string>
			<key>projectDirPath</key>
			<string></string>
			<key>projectReferences</key>
			<array/>
			<key>projectRoot</key>
			<string></string>
			<key>targets</key>
			<array>
				<string>8E648B7E15602DA500D3EC22</string>
			</array>
		</dict>
		<key>8E648B7915602DA500D3EC22</key>
		<dict>
			<key>buildConfigurations</key>
			<array>
				<string>8E648B9515602DA500D3EC22</string>
				<string>8E648B9615602DA500D3EC22</string>
			</array>
			<key>defaultConfigurationIsVisible</key>
			<string>0</string>
			<key>defaultConfigurationName</key>
			<string>Release</string>
			<key>isa</key>
			<string>XCConfigurationList</string>
		</dict>
		<key>8E648B7B15602DA500D3EC22</key>
		<dict>
			<key>buildActionMask</key>
			<string>2147483647</string>
			<key>files</key>
			<array>
				<string>8E648B9015602DA500D3EC22</string>
				<string>8E648BB915602F9100D3EC22</string>
				<string>8E648BC115602F9100D3EC22</string>
				<string>8E648BC315602F9100D3EC22</string>
				<string>36EBC8B26EBE71DE605D454D</string>
				<string>8E9102FB17CE1EDF00638303</string>
			</array>
			<key>isa</key>
			<string>PBXSourcesBuildPhase</string>
			<key>runOnlyForDeploymentPostprocessing</key>
			<string>0</string>
		</dict>
		<key>8E648B7C15602DA500D3EC22</key>
		<dict>
			<key>buildActionMask</key>
			<string>2147483647</string>
			<key>files</key>
			<array>
				<string>8E9102FD17CE1EF800638303</string>
				<string>8E9102E117CE019C00638303</string>
				<string>8E9102DF17CE016E00638303</string>
				<string>8E648B8415602DA500D3EC22</string>
				<string>8E648B8615602DA500D3EC22</string>
				<string>8E648B8815602DA500D3EC22</string>
				<string>8E9102DA17CE007600638303</string>
				<string>EB411FBC08804728B09CB46A</string>
			</array>
			<key>isa</key>
			<string>PBXFrameworksBuildPhase</string>
			<key>runOnlyForDeploymentPostprocessing</key>
			<string>0</string>
		</dict>
		<key>8E648B7D15602DA500D3EC22</key>
		<dict>
			<key>buildActionMask</key>
			<string>2147483647</string>
			<key>files</key>
			<array>
				<string>8E648B8E15602DA500D3EC22</string>
				<string>8E648BBC15602F9100D3EC22</string>
				<string>8E648BC215602F9100D3EC22</string>
				<string>CE23AD60179C1FF300DBE2A9</string>
				<string>8EB8AFEC179DD21500D21F39</string>
				<string>8EB8AFED179DD21500D21F39</string>
				<string>8EB8AFEE179DD21500D21F39</string>
				<string>8EB8AFEF179DD21500D21F39</string>
				<string>8EB8AFF0179DD21500D21F39</string>
				<string>8EB8AFF1179DD21500D21F39</string>
				<string>8EB8AFF2179DD21500D21F39</string>
				<string>8EB8AFF3179DD21500D21F39</string>
				<string>8EB8AFF4179DD21500D21F39</string>
				<string>8EB8AFF5179DD21500D21F39</string>
				<string>8EB8AFF6179DD21500D21F39</string>
				<string>8EB8AFF7179DD21500D21F39</string>
				<string>8EB8AFF8179DD21500D21F39</string>
				<string>8EB8AFF9179DD21500D21F39</string>
				<string>8EB8AFFA179DD21500D21F39</string>
				<string>8EB8AFFB179DD21500D21F39</string>
				<string>8EB8AFFC179DD21500D21F39</string>
				<string>8EB8AFFD179DD21500D21F39</string>
				<string>8EB8AFFE179DD21500D21F39</string>
				<string>8EB8AFFF179DD21500D21F39</string>
				<string>8EB8B000179DD21500D21F39</string>
				<string>8EB8B001179DD21500D21F39</string>
				<string>8EB8B002179DD21500D21F39</string>
				<string>8EB8B003179DD21500D21F39</string>
				<string>8EB8B004179DD21500D21F39</string>
				<string>8EB8B005179DD21500D21F39</string>
				<string>8EB8B006179DD21500D21F39</string>
				<string>8EB8B00E179F1F2800D21F39</string>
				<string>8EB8B010179F336800D21F39</string>
				<string>8E9102EF17CE056500638303</string>
				<string>8E9102F117CE057000638303</string>
				<string>8E9102F317CE058400638303</string>
				<string>8E9102F517CE05BE00638303</string>
				<string>8E9102FA17CE1EDF00638303</string>
				<string>8E91030817CE6CEC00638303</string>
				<string>8E91030917CE6CEC00638303</string>
				<string>8E91030A17CE6CEC00638303</string>
				<string>8E91030B17CE6CEC00638303</string>
				<string>8E91030D17CE6CF400638303</string>
				<string>8E91030F17CE6CF900638303</string>
				<string>8E91031117CE6D0100638303</string>
				<string>8E91031317CE6D4500638303</string>
				<string>8E91031517CE6D5700638303</string>
				<string>8E91031717CE6D6500638303</string>
				<string>8E91031917CE6DC100638303</string>
			</array>
			<key>isa</key>
			<string>PBXResourcesBuildPhase</string>
			<key>runOnlyForDeploymentPostprocessing</key>
			<string>0</string>
		</dict>
		<key>8E648B7E15602DA500D3EC22</key>
		<dict>
			<key>buildConfigurationList</key>
			<string>8E648B9715602DA500D3EC22</string>
			<key>buildPhases</key>
			<array>
				<string>192DA89DF2BA497390A777B0</string>
				<string>8E648B7B15602DA500D3EC22</string>
				<string>8E648B7C15602DA500D3EC22</string>
				<string>8E648B7D15602DA500D3EC22</string>
				<string>D21C9DEE8F2A4F8490ED9F8F</string>
			</array>
			<key>buildRules</key>
			<array/>
			<key>dependencies</key>
			<array/>
			<key>isa</key>
			<string>PBXNativeTarget</string>
			<key>name</key>
			<string>Lugat Sozluk</string>
			<key>productName</key>
			<string>Lugat Sozluk</string>
			<key>productReference</key>
			<string>8E648B7F15602DA500D3EC22</string>
			<key>productType</key>
			<string>com.apple.product-type.application</string>
		</dict>
		<key>8E648B7F15602DA500D3EC22</key>
		<dict>
			<key>explicitFileType</key>
			<string>wrapper.application</string>
			<key>includeInIndex</key>
			<string>0</string>
			<key>isa</key>
			<string>PBXFileReference</string>
			<key>path</key>
			<string>Lugat Sozluk.app</string>
			<key>sourceTree</key>
			<string>BUILT_PRODUCTS_DIR</string>
		</dict>
		<key>8E648B8015602DA500D3EC22</key>
		<dict>
			<key>children</key>
			<array>
				<string>8E648B7F15602DA500D3EC22</string>
			</array>
			<key>isa</key>
			<string>PBXGroup</string>
			<key>name</key>
			<string>Products</string>
			<key>sourceTree</key>
			<string>&lt;group&gt;</string>
		</dict>
		<key>8E648B8215602DA500D3EC22</key>
		<dict>
			<key>children</key>
			<array>
				<string>8E9102FC17CE1EF800638303</string>
				<string>8E9102E017CE019C00638303</string>
				<string>8E9102DE17CE016E00638303</string>
				<string>8E648B8315602DA500D3EC22</string>
				<string>8E648B8515602DA500D3EC22</string>
				<string>8E648B8715602DA500D3EC22</string>
				<string>CDB1F50053764138835780EF</string>
			</array>
			<key>isa</key>
			<string>PBXGroup</string>
			<key>name</key>
			<string>Frameworks</string>
			<key>sourceTree</key>
			<string>&lt;group&gt;</string>
		</dict>
		<key>8E648B8315602DA500D3EC22</key>
		<dict>
			<key>isa</key>
			<string>PBXFileReference</string>
			<key>lastKnownFileType</key>
			<string>wrapper.framework</string>
			<key>name</key>
			<string>UIKit.framework</string>
			<key>path</key>
			<string>System/Library/Frameworks/UIKit.framework</string>
			<key>sourceTree</key>
			<string>SDKROOT</string>
		</dict>
		<key>8E648B8415602DA500D3EC22</key>
		<dict>
			<key>fileRef</key>
			<string>8E648B8315602DA500D3EC22</string>
			<key>isa</key>
			<string>PBXBuildFile</string>
		</dict>
		<key>8E648B8515602DA500D3EC22</key>
		<dict>
			<key>isa</key>
			<string>PBXFileReference</string>
			<key>lastKnownFileType</key>
			<string>wrapper.framework</string>
			<key>name</key>
			<string>Foundation.framework</string>
			<key>path</key>
			<string>System/Library/Frameworks/Foundation.framework</string>
			<key>sourceTree</key>
			<string>SDKROOT</string>
		</dict>
		<key>8E648B8615602DA500D3EC22</key>
		<dict>
			<key>fileRef</key>
			<string>8E648B8515602DA500D3EC22</string>
			<key>isa</key>
			<string>PBXBuildFile</string>
		</dict>
		<key>8E648B8715602DA500D3EC22</key>
		<dict>
			<key>isa</key>
			<string>PBXFileReference</string>
			<key>lastKnownFileType</key>
			<string>wrapper.framework</string>
			<key>name</key>
			<string>CoreGraphics.framework</string>
			<key>path</key>
			<string>System/Library/Frameworks/CoreGraphics.framework</string>
			<key>sourceTree</key>
			<string>SDKROOT</string>
		</dict>
		<key>8E648B8815602DA500D3EC22</key>
		<dict>
			<key>fileRef</key>
			<string>8E648B8715602DA500D3EC22</string>
			<key>isa</key>
			<string>PBXBuildFile</string>
		</dict>
		<key>8E648B8915602DA500D3EC22</key>
		<dict>
			<key>children</key>
			<array>
				<string>8E9102D717CE005B00638303</string>
				<string>8EB4A9FF158DFC78008F351B</string>
				<string>8E648BA115602F9100D3EC22</string>
				<string>8E648B8A15602DA500D3EC22</string>
				<string>36EBCA0F5A592D0D1E7386BB</string>
			</array>
			<key>isa</key>
			<string>PBXGroup</string>
			<key>path</key>
			<string>Lugat Sozluk</string>
			<key>sourceTree</key>
			<string>&lt;group&gt;</string>
		</dict>
		<key>8E648B8A15602DA500D3EC22</key>
		<dict>
			<key>children</key>
			<array>
				<string>8E648BA615602F9100D3EC22</string>
				<string>8E648BB215602F9100D3EC22</string>
				<string>8E648BB315602F9100D3EC22</string>
				<string>8E648BB415602F9100D3EC22</string>
				<string>8E648BB515602F9100D3EC22</string>
				<string>8E648B8B15602DA500D3EC22</string>
				<string>8E648B8C15602DA500D3EC22</string>
				<string>8E648B8F15602DA500D3EC22</string>
				<string>8E648B9115602DA500D3EC22</string>
			</array>
			<key>isa</key>
			<string>PBXGroup</string>
			<key>name</key>
			<string>Supporting Files</string>
			<key>sourceTree</key>
			<string>&lt;group&gt;</string>
		</dict>
		<key>8E648B8B15602DA500D3EC22</key>
		<dict>
			<key>isa</key>
			<string>PBXFileReference</string>
			<key>lastKnownFileType</key>
			<string>text.plist.xml</string>
			<key>path</key>
			<string>Lugat Sozluk-Info.plist</string>
			<key>sourceTree</key>
			<string>&lt;group&gt;</string>
		</dict>
		<key>8E648B8C15602DA500D3EC22</key>
		<dict>
			<key>children</key>
			<array>
				<string>8E648B8D15602DA500D3EC22</string>
			</array>
			<key>isa</key>
			<string>PBXVariantGroup</string>
			<key>name</key>
			<string>InfoPlist.strings</string>
			<key>sourceTree</key>
			<string>&lt;group&gt;</string>
		</dict>
		<key>8E648B8D15602DA500D3EC22</key>
		<dict>
			<key>isa</key>
			<string>PBXFileReference</string>
			<key>lastKnownFileType</key>
			<string>text.plist.strings</string>
			<key>name</key>
			<string>en</string>
			<key>path</key>
			<string>en.lproj/InfoPlist.strings</string>
			<key>sourceTree</key>
			<string>&lt;group&gt;</string>
		</dict>
		<key>8E648B8E15602DA500D3EC22</key>
		<dict>
			<key>fileRef</key>
			<string>8E648B8C15602DA500D3EC22</string>
			<key>isa</key>
			<string>PBXBuildFile</string>
		</dict>
		<key>8E648B8F15602DA500D3EC22</key>
		<dict>
			<key>isa</key>
			<string>PBXFileReference</string>
			<key>lastKnownFileType</key>
			<string>sourcecode.c.objc</string>
			<key>path</key>
			<string>main.m</string>
			<key>sourceTree</key>
			<string>&lt;group&gt;</string>
		</dict>
		<key>8E648B9015602DA500D3EC22</key>
		<dict>
			<key>fileRef</key>
			<string>8E648B8F15602DA500D3EC22</string>
			<key>isa</key>
			<string>PBXBuildFile</string>
		</dict>
		<key>8E648B9115602DA500D3EC22</key>
		<dict>
			<key>isa</key>
			<string>PBXFileReference</string>
			<key>lastKnownFileType</key>
			<string>sourcecode.c.h</string>
			<key>path</key>
			<string>Lugat Sozluk-Prefix.pch</string>
			<key>sourceTree</key>
			<string>&lt;group&gt;</string>
		</dict>
		<key>8E648B9515602DA500D3EC22</key>
		<dict>
			<key>buildSettings</key>
			<dict>
				<key>ALWAYS_SEARCH_USER_PATHS</key>
				<string>NO</string>
				<key>ARCHS</key>
				<string>$(ARCHS_STANDARD_32_BIT)</string>
				<key>CODE_SIGN_IDENTITY[sdk=iphoneos*]</key>
				<string>iPhone Developer</string>
				<key>COPY_PHASE_STRIP</key>
				<string>NO</string>
				<key>GCC_C_LANGUAGE_STANDARD</key>
				<string>gnu99</string>
				<key>GCC_DYNAMIC_NO_PIC</key>
				<string>NO</string>
				<key>GCC_OPTIMIZATION_LEVEL</key>
				<string>0</string>
				<key>GCC_PREPROCESSOR_DEFINITIONS</key>
				<array>
					<string>DEBUG=1</string>
					<string>$(inherited)</string>
				</array>
				<key>GCC_SYMBOLS_PRIVATE_EXTERN</key>
				<string>NO</string>
				<key>GCC_VERSION</key>
				<string>com.apple.compilers.llvm.clang.1_0</string>
				<key>GCC_WARN_ABOUT_RETURN_TYPE</key>
				<string>YES</string>
				<key>GCC_WARN_UNINITIALIZED_AUTOS</key>
				<string>YES</string>
				<key>GCC_WARN_UNUSED_VARIABLE</key>
				<string>YES</string>
				<key>IPHONEOS_DEPLOYMENT_TARGET</key>
				<string>5.1</string>
				<key>SDKROOT</key>
				<string>iphoneos</string>
				<key>TARGETED_DEVICE_FAMILY</key>
				<string>1,2</string>
			</dict>
			<key>isa</key>
			<string>XCBuildConfiguration</string>
			<key>name</key>
			<string>Debug</string>
		</dict>
		<key>8E648B9615602DA500D3EC22</key>
		<dict>
			<key>buildSettings</key>
			<dict>
				<key>ALWAYS_SEARCH_USER_PATHS</key>
				<string>NO</string>
				<key>ARCHS</key>
				<string>$(ARCHS_STANDARD_32_BIT)</string>
				<key>CODE_SIGN_IDENTITY[sdk=iphoneos*]</key>
				<string>iPhone Developer</string>
				<key>COPY_PHASE_STRIP</key>
				<string>YES</string>
				<key>GCC_C_LANGUAGE_STANDARD</key>
				<string>gnu99</string>
				<key>GCC_VERSION</key>
				<string>com.apple.compilers.llvm.clang.1_0</string>
				<key>GCC_WARN_ABOUT_RETURN_TYPE</key>
				<string>YES</string>
				<key>GCC_WARN_UNINITIALIZED_AUTOS</key>
				<string>YES</string>
				<key>GCC_WARN_UNUSED_VARIABLE</key>
				<string>YES</string>
				<key>IPHONEOS_DEPLOYMENT_TARGET</key>
				<string>5.1</string>
				<key>OTHER_CFLAGS</key>
				<string>-DNS_BLOCK_ASSERTIONS=1</string>
				<key>SDKROOT</key>
				<string>iphoneos</string>
				<key>TARGETED_DEVICE_FAMILY</key>
				<string>1,2</string>
				<key>VALIDATE_PRODUCT</key>
				<string>YES</string>
			</dict>
			<key>isa</key>
			<string>XCBuildConfiguration</string>
			<key>name</key>
			<string>Release</string>
		</dict>
		<key>8E648B9715602DA500D3EC22</key>
		<dict>
			<key>buildConfigurations</key>
			<array>
				<string>8E648B9815602DA500D3EC22</string>
				<string>8E648B9915602DA500D3EC22</string>
			</array>
			<key>defaultConfigurationIsVisible</key>
			<string>0</string>
			<key>defaultConfigurationName</key>
			<string>Release</string>
			<key>isa</key>
			<string>XCConfigurationList</string>
		</dict>
		<key>8E648B9815602DA500D3EC22</key>
		<dict>
			<key>baseConfigurationReference</key>
			<string>487B5B93B6AC466BBE517BAC</string>
			<key>buildSettings</key>
			<dict>
				<key>CLANG_ENABLE_OBJC_ARC</key>
				<string>YES</string>
				<key>CODE_SIGN_IDENTITY</key>
				<string>iPhone Distribution: Airat Kasimov (46ZR8VFCV3)</string>
				<key>CODE_SIGN_IDENTITY[sdk=iphoneos*]</key>
				<string>iPhone Distribution: Airat Kasimov (46ZR8VFCV3)</string>
				<key>GCC_PRECOMPILE_PREFIX_HEADER</key>
				<string>YES</string>
				<key>GCC_PREFIX_HEADER</key>
				<string>Lugat Sozluk/Lugat Sozluk-Prefix.pch</string>
				<key>INFOPLIST_FILE</key>
				<string>Lugat Sozluk/Lugat Sozluk-Info.plist</string>
				<key>IPHONEOS_DEPLOYMENT_TARGET</key>
				<string>5.0</string>
				<key>LIBRARY_SEARCH_PATHS</key>
				<array>
					<string>$(inherited)</string>
					<string>"$(SRCROOT)/Lugat Sozluk"</string>
				</array>
				<key>ONLY_ACTIVE_ARCH</key>
				<string>YES</string>
				<key>PRODUCT_NAME</key>
				<string>$(TARGET_NAME)</string>
				<key>PROVISIONING_PROFILE</key>
				<string>C487E7FC-D6D5-443C-94BA-5739F4F242CD</string>
				<key>PROVISIONING_PROFILE[sdk=iphoneos*]</key>
				<string>C487E7FC-D6D5-443C-94BA-5739F4F242CD</string>
				<key>TARGETED_DEVICE_FAMILY</key>
				<string>1,2</string>
				<key>WRAPPER_EXTENSION</key>
				<string>app</string>
			</dict>
			<key>isa</key>
			<string>XCBuildConfiguration</string>
			<key>name</key>
			<string>Debug</string>
		</dict>
		<key>8E648B9915602DA500D3EC22</key>
		<dict>
			<key>baseConfigurationReference</key>
			<string>487B5B93B6AC466BBE517BAC</string>
			<key>buildSettings</key>
			<dict>
				<key>CLANG_ENABLE_OBJC_ARC</key>
				<string>YES</string>
				<key>CODE_SIGN_IDENTITY</key>
				<string>iPhone Distribution: Airat Kasimov (46ZR8VFCV3)</string>
				<key>CODE_SIGN_IDENTITY[sdk=iphoneos*]</key>
				<string>iPhone Distribution: Airat Kasimov (46ZR8VFCV3)</string>
				<key>GCC_PRECOMPILE_PREFIX_HEADER</key>
				<string>YES</string>
				<key>GCC_PREFIX_HEADER</key>
				<string>Lugat Sozluk/Lugat Sozluk-Prefix.pch</string>
				<key>INFOPLIST_FILE</key>
				<string>Lugat Sozluk/Lugat Sozluk-Info.plist</string>
				<key>IPHONEOS_DEPLOYMENT_TARGET</key>
				<string>5.0</string>
				<key>LIBRARY_SEARCH_PATHS</key>
				<array>
					<string>$(inherited)</string>
					<string>"$(SRCROOT)/Lugat Sozluk"</string>
				</array>
				<key>PRODUCT_NAME</key>
				<string>$(TARGET_NAME)</string>
				<key>PROVISIONING_PROFILE</key>
				<string>C487E7FC-D6D5-443C-94BA-5739F4F242CD</string>
				<key>PROVISIONING_PROFILE[sdk=iphoneos*]</key>
				<string>C487E7FC-D6D5-443C-94BA-5739F4F242CD</string>
				<key>TARGETED_DEVICE_FAMILY</key>
				<string>1,2</string>
				<key>WRAPPER_EXTENSION</key>
				<string>app</string>
			</dict>
			<key>isa</key>
			<string>XCBuildConfiguration</string>
			<key>name</key>
			<string>Release</string>
		</dict>
		<key>8E648BA115602F9100D3EC22</key>
		<dict>
			<key>children</key>
			<array>
				<string>8EB8AFD1179DD21500D21F39</string>
				<string>8EB8AFD2179DD21500D21F39</string>
				<string>8EB8AFD3179DD21500D21F39</string>
				<string>8EB8AFD4179DD21500D21F39</string>
				<string>8EB8AFD5179DD21500D21F39</string>
				<string>8EB8AFD6179DD21500D21F39</string>
				<string>8EB8AFD7179DD21500D21F39</string>
				<string>8EB8AFD8179DD21500D21F39</string>
				<string>8EB8AFD9179DD21500D21F39</string>
				<string>8EB8B00D179F1F2800D21F39</string>
				<string>8EB8AFDA179DD21500D21F39</string>
				<string>8EB8AFDB179DD21500D21F39</string>
				<string>8EB8AFDC179DD21500D21F39</string>
				<string>8EB8AFDD179DD21500D21F39</string>
				<string>8EB8AFDE179DD21500D21F39</string>
				<string>8EB8AFDF179DD21500D21F39</string>
				<string>8EB8AFE0179DD21500D21F39</string>
				<string>8EB8AFE1179DD21500D21F39</string>
				<string>8EB8AFE2179DD21500D21F39</string>
				<string>8EB8AFE3179DD21500D21F39</string>
				<string>8EB8AFE4179DD21500D21F39</string>
				<string>8EB8AFE5179DD21500D21F39</string>
				<string>8EB8AFE6179DD21500D21F39</string>
				<string>8EB8AFE7179DD21500D21F39</string>
				<string>8EB8AFE8179DD21500D21F39</string>
				<string>8EB8AFE9179DD21500D21F39</string>
				<string>8EB8AFEA179DD21500D21F39</string>
				<string>8EB8AFEB179DD21500D21F39</string>
			</array>
			<key>isa</key>
			<string>PBXGroup</string>
			<key>name</key>
			<string>Words</string>
			<key>path</key>
			<string>SozlukIOS</string>
			<key>sourceTree</key>
			<string>&lt;group&gt;</string>
		</dict>
		<key>8E648BA215602F9100D3EC22</key>
		<dict>
			<key>fileEncoding</key>
			<string>4</string>
			<key>isa</key>
			<string>PBXFileReference</string>
			<key>lastKnownFileType</key>
			<string>sourcecode.c.h</string>
			<key>name</key>
			<string>DetailViewController.h</string>
			<key>path</key>
			<string>SozlukIOS/DetailViewController.h</string>
			<key>sourceTree</key>
			<string>&lt;group&gt;</string>
		</dict>
		<key>8E648BA315602F9100D3EC22</key>
		<dict>
			<key>fileEncoding</key>
			<string>4</string>
			<key>isa</key>
			<string>PBXFileReference</string>
			<key>lastKnownFileType</key>
			<string>sourcecode.c.objc</string>
			<key>name</key>
			<string>DetailViewController.m</string>
			<key>path</key>
			<string>SozlukIOS/DetailViewController.m</string>
			<key>sourceTree</key>
			<string>&lt;group&gt;</string>
		</dict>
		<key>8E648BA615602F9100D3EC22</key>
		<dict>
			<key>children</key>
			<array>
				<string>8E648BA715602F9100D3EC22</string>
			</array>
			<key>isa</key>
			<string>PBXVariantGroup</string>
			<key>name</key>
			<string>InfoPlist.strings</string>
			<key>path</key>
			<string>SozlukIOS</string>
			<key>sourceTree</key>
			<string>&lt;group&gt;</string>
		</dict>
		<key>8E648BA715602F9100D3EC22</key>
		<dict>
			<key>isa</key>
			<string>PBXFileReference</string>
			<key>lastKnownFileType</key>
			<string>text.plist.strings</string>
			<key>name</key>
			<string>en</string>
			<key>path</key>
			<string>en.lproj/InfoPlist.strings</string>
			<key>sourceTree</key>
			<string>&lt;group&gt;</string>
		</dict>
		<key>8E648BB015602F9100D3EC22</key>
		<dict>
			<key>fileEncoding</key>
			<string>4</string>
			<key>isa</key>
			<string>PBXFileReference</string>
			<key>lastKnownFileType</key>
			<string>sourcecode.c.h</string>
			<key>path</key>
			<string>RootViewController.h</string>
			<key>sourceTree</key>
			<string>&lt;group&gt;</string>
		</dict>
		<key>8E648BB115602F9100D3EC22</key>
		<dict>
			<key>fileEncoding</key>
			<string>4</string>
			<key>isa</key>
			<string>PBXFileReference</string>
			<key>lastKnownFileType</key>
			<string>sourcecode.c.objc</string>
			<key>path</key>
			<string>RootViewController.m</string>
			<key>sourceTree</key>
			<string>&lt;group&gt;</string>
		</dict>
		<key>8E648BB215602F9100D3EC22</key>
		<dict>
			<key>fileEncoding</key>
			<string>4</string>
			<key>isa</key>
			<string>PBXFileReference</string>
			<key>lastKnownFileType</key>
			<string>text.plist.xml</string>
			<key>name</key>
			<string>SozlukIOS-Info.plist</string>
			<key>path</key>
			<string>SozlukIOS/SozlukIOS-Info.plist</string>
			<key>sourceTree</key>
			<string>&lt;group&gt;</string>
		</dict>
		<key>8E648BB315602F9100D3EC22</key>
		<dict>
			<key>fileEncoding</key>
			<string>4</string>
			<key>isa</key>
			<string>PBXFileReference</string>
			<key>lastKnownFileType</key>
			<string>sourcecode.c.h</string>
			<key>name</key>
			<string>SozlukIOS-Prefix.pch</string>
			<key>path</key>
			<string>SozlukIOS/SozlukIOS-Prefix.pch</string>
			<key>sourceTree</key>
			<string>&lt;group&gt;</string>
		</dict>
		<key>8E648BB415602F9100D3EC22</key>
		<dict>
			<key>fileEncoding</key>
			<string>4</string>
			<key>isa</key>
			<string>PBXFileReference</string>
			<key>lastKnownFileType</key>
			<string>sourcecode.c.h</string>
			<key>name</key>
			<string>SozlukIOSAppDelegate.h</string>
			<key>path</key>
			<string>SozlukIOS/SozlukIOSAppDelegate.h</string>
			<key>sourceTree</key>
			<string>&lt;group&gt;</string>
		</dict>
		<key>8E648BB515602F9100D3EC22</key>
		<dict>
			<key>fileEncoding</key>
			<string>4</string>
			<key>isa</key>
			<string>PBXFileReference</string>
			<key>lastKnownFileType</key>
			<string>sourcecode.c.objc</string>
			<key>name</key>
			<string>SozlukIOSAppDelegate.m</string>
			<key>path</key>
			<string>SozlukIOS/SozlukIOSAppDelegate.m</string>
			<key>sourceTree</key>
			<string>&lt;group&gt;</string>
		</dict>
		<key>8E648BB915602F9100D3EC22</key>
		<dict>
			<key>fileRef</key>
			<string>8E648BA315602F9100D3EC22</string>
			<key>isa</key>
			<string>PBXBuildFile</string>
		</dict>
		<key>8E648BBC15602F9100D3EC22</key>
		<dict>
			<key>fileRef</key>
			<string>8E648BA615602F9100D3EC22</string>
			<key>isa</key>
			<string>PBXBuildFile</string>
		</dict>
		<key>8E648BC115602F9100D3EC22</key>
		<dict>
			<key>fileRef</key>
			<string>8E648BB115602F9100D3EC22</string>
			<key>isa</key>
			<string>PBXBuildFile</string>
		</dict>
		<key>8E648BC215602F9100D3EC22</key>
		<dict>
			<key>fileRef</key>
			<string>8E648BB215602F9100D3EC22</string>
			<key>isa</key>
			<string>PBXBuildFile</string>
		</dict>
		<key>8E648BC315602F9100D3EC22</key>
		<dict>
			<key>fileRef</key>
			<string>8E648BB515602F9100D3EC22</string>
			<key>isa</key>
			<string>PBXBuildFile</string>
		</dict>
		<key>8E9102D717CE005B00638303</key>
		<dict>
			<key>children</key>
			<array>
				<string>8E9102F617CE1EDF00638303</string>
				<string>8E9102DB17CE007B00638303</string>
			</array>
			<key>isa</key>
			<string>PBXGroup</string>
			<key>name</key>
			<string>External</string>
			<key>sourceTree</key>
			<string>&lt;group&gt;</string>
		</dict>
		<key>8E9102D817CE007600638303</key>
		<dict>
			<key>fileEncoding</key>
			<string>4</string>
			<key>isa</key>
			<string>PBXFileReference</string>
			<key>lastKnownFileType</key>
			<string>sourcecode.c.h</string>
			<key>path</key>
			<string>Flurry.h</string>
			<key>sourceTree</key>
			<string>&lt;group&gt;</string>
		</dict>
		<key>8E9102D917CE007600638303</key>
		<dict>
			<key>isa</key>
			<string>PBXFileReference</string>
			<key>lastKnownFileType</key>
			<string>archive.ar</string>
			<key>path</key>
			<string>libFlurry_4.2.3.a</string>
			<key>sourceTree</key>
			<string>&lt;group&gt;</string>
		</dict>
		<key>8E9102DA17CE007600638303</key>
		<dict>
			<key>fileRef</key>
			<string>8E9102D917CE007600638303</string>
			<key>isa</key>
			<string>PBXBuildFile</string>
		</dict>
		<key>8E9102DB17CE007B00638303</key>
		<dict>
			<key>children</key>
			<array>
				<string>8E9102D817CE007600638303</string>
				<string>8E9102D917CE007600638303</string>
			</array>
			<key>isa</key>
			<string>PBXGroup</string>
			<key>name</key>
			<string>Flurry</string>
			<key>sourceTree</key>
			<string>&lt;group&gt;</string>
		</dict>
		<key>8E9102DE17CE016E00638303</key>
		<dict>
			<key>isa</key>
			<string>PBXFileReference</string>
			<key>lastKnownFileType</key>
			<string>wrapper.framework</string>
			<key>name</key>
			<string>Security.framework</string>
			<key>path</key>
			<string>System/Library/Frameworks/Security.framework</string>
			<key>sourceTree</key>
			<string>SDKROOT</string>
		</dict>
		<key>8E9102DF17CE016E00638303</key>
		<dict>
			<key>fileRef</key>
			<string>8E9102DE17CE016E00638303</string>
			<key>isa</key>
			<string>PBXBuildFile</string>
		</dict>
		<key>8E9102E017CE019C00638303</key>
		<dict>
			<key>isa</key>
			<string>PBXFileReference</string>
			<key>lastKnownFileType</key>
			<string>wrapper.framework</string>
			<key>name</key>
			<string>SystemConfiguration.framework</string>
			<key>path</key>
			<string>System/Library/Frameworks/SystemConfiguration.framework</string>
			<key>sourceTree</key>
			<string>SDKROOT</string>
		</dict>
		<key>8E9102E117CE019C00638303</key>
		<dict>
			<key>fileRef</key>
			<string>8E9102E017CE019C00638303</string>
			<key>isa</key>
			<string>PBXBuildFile</string>
		</dict>
		<key>8E9102E217CE052500638303</key>
		<dict>
			<key>children</key>
			<array>
				<string>8E9102E317CE053000638303</string>
			</array>
			<key>isa</key>
			<string>PBXGroup</string>
			<key>name</key>
			<string>Resources</string>
			<key>sourceTree</key>
			<string>&lt;group&gt;</string>
		</dict>
		<key>8E9102E317CE053000638303</key>
		<dict>
			<key>children</key>
			<array>
				<string>8EB8B00F179F336800D21F39</string>
				<string>CE23AD5F179C1FF300DBE2A9</string>
			</array>
			<key>isa</key>
			<string>PBXGroup</string>
			<key>name</key>
			<string>Storyboards</string>
			<key>sourceTree</key>
			<string>&lt;group&gt;</string>
		</dict>
		<key>8E9102EE17CE056500638303</key>
		<dict>
			<key>isa</key>
			<string>PBXFileReference</string>
			<key>lastKnownFileType</key>
			<string>image.png</string>
			<key>path</key>
			<string>logo_57x57.png</string>
			<key>sourceTree</key>
			<string>&lt;group&gt;</string>
		</dict>
		<key>8E9102EF17CE056500638303</key>
		<dict>
			<key>fileRef</key>
			<string>8E9102EE17CE056500638303</string>
			<key>isa</key>
			<string>PBXBuildFile</string>
		</dict>
		<key>8E9102F017CE057000638303</key>
		<dict>
			<key>isa</key>
			<string>PBXFileReference</string>
			<key>lastKnownFileType</key>
			<string>image.png</string>
			<key>path</key>
			<string>logo_114x114.png</string>
			<key>sourceTree</key>
			<string>&lt;group&gt;</string>
		</dict>
		<key>8E9102F117CE057000638303</key>
		<dict>
			<key>fileRef</key>
			<string>8E9102F017CE057000638303</string>
			<key>isa</key>
			<string>PBXBuildFile</string>
		</dict>
		<key>8E9102F217CE058400638303</key>
		<dict>
			<key>isa</key>
			<string>PBXFileReference</string>
			<key>lastKnownFileType</key>
			<string>image.png</string>
			<key>path</key>
			<string>logo_72x72.png</string>
			<key>sourceTree</key>
			<string>&lt;group&gt;</string>
		</dict>
		<key>8E9102F317CE058400638303</key>
		<dict>
			<key>fileRef</key>
			<string>8E9102F217CE058400638303</string>
			<key>isa</key>
			<string>PBXBuildFile</string>
		</dict>
		<key>8E9102F417CE05BE00638303</key>
		<dict>
			<key>isa</key>
			<string>PBXFileReference</string>
			<key>lastKnownFileType</key>
			<string>image.png</string>
			<key>path</key>
			<string>logo_144x144px.png</string>
			<key>sourceTree</key>
			<string>&lt;group&gt;</string>
		</dict>
		<key>8E9102F517CE05BE00638303</key>
		<dict>
			<key>fileRef</key>
			<string>8E9102F417CE05BE00638303</string>
			<key>isa</key>
			<string>PBXBuildFile</string>
		</dict>
		<key>8E9102F617CE1EDF00638303</key>
		<dict>
			<key>children</key>
			<array>
				<string>8E9102F717CE1EDF00638303</string>
				<string>8E9102F817CE1EDF00638303</string>
				<string>8E9102F917CE1EDF00638303</string>
			</array>
			<key>isa</key>
			<string>PBXGroup</string>
			<key>path</key>
			<string>iRate</string>
			<key>sourceTree</key>
			<string>&lt;group&gt;</string>
		</dict>
		<key>8E9102F717CE1EDF00638303</key>
		<dict>
			<key>isa</key>
			<string>PBXFileReference</string>
			<key>lastKnownFileType</key>
			<string>wrapper.plug-in</string>
			<key>path</key>
			<string>iRate.bundle</string>
			<key>sourceTree</key>
			<string>&lt;group&gt;</string>
		</dict>
		<key>8E9102F817CE1EDF00638303</key>
		<dict>
			<key>fileEncoding</key>
			<string>4</string>
			<key>isa</key>
			<string>PBXFileReference</string>
			<key>lastKnownFileType</key>
			<string>sourcecode.c.h</string>
			<key>path</key>
			<string>iRate.h</string>
			<key>sourceTree</key>
			<string>&lt;group&gt;</string>
		</dict>
		<key>8E9102F917CE1EDF00638303</key>
		<dict>
			<key>fileEncoding</key>
			<string>4</string>
			<key>isa</key>
			<string>PBXFileReference</string>
			<key>lastKnownFileType</key>
			<string>sourcecode.c.objc</string>
			<key>path</key>
			<string>iRate.m</string>
			<key>sourceTree</key>
			<string>&lt;group&gt;</string>
		</dict>
		<key>8E9102FA17CE1EDF00638303</key>
		<dict>
			<key>fileRef</key>
			<string>8E9102F717CE1EDF00638303</string>
			<key>isa</key>
			<string>PBXBuildFile</string>
		</dict>
		<key>8E9102FB17CE1EDF00638303</key>
		<dict>
			<key>fileRef</key>
			<string>8E9102F917CE1EDF00638303</string>
			<key>isa</key>
			<string>PBXBuildFile</string>
		</dict>
		<key>8E9102FC17CE1EF800638303</key>
		<dict>
			<key>isa</key>
			<string>PBXFileReference</string>
			<key>lastKnownFileType</key>
			<string>wrapper.framework</string>
			<key>name</key>
			<string>StoreKit.framework</string>
			<key>path</key>
			<string>System/Library/Frameworks/StoreKit.framework</string>
			<key>sourceTree</key>
			<string>SDKROOT</string>
		</dict>
		<key>8E9102FD17CE1EF800638303</key>
		<dict>
			<key>fileRef</key>
			<string>8E9102FC17CE1EF800638303</string>
			<key>isa</key>
			<string>PBXBuildFile</string>
		</dict>
		<key>8E91030117CE6CEC00638303</key>
		<dict>
			<key>isa</key>
			<string>PBXFileReference</string>
			<key>lastKnownFileType</key>
			<string>image.png</string>
			<key>path</key>
			<string>splash_screen_768x1004.png</string>
			<key>sourceTree</key>
			<string>&lt;group&gt;</string>
		</dict>
		<key>8E91030217CE6CEC00638303</key>
		<dict>
			<key>isa</key>
			<string>PBXFileReference</string>
			<key>lastKnownFileType</key>
			<string>image.png</string>
			<key>path</key>
			<string>splash_screen_768x1024.png</string>
			<key>sourceTree</key>
			<string>&lt;group&gt;</string>
		</dict>
		<key>8E91030317CE6CEC00638303</key>
		<dict>
			<key>isa</key>
			<string>PBXFileReference</string>
			<key>lastKnownFileType</key>
			<string>image.png</string>
			<key>path</key>
			<string>splash_screen_1536x2008.png</string>
			<key>sourceTree</key>
			<string>&lt;group&gt;</string>
		</dict>
		<key>8E91030417CE6CEC00638303</key>
		<dict>
			<key>isa</key>
			<string>PBXFileReference</string>
			<key>lastKnownFileType</key>
			<string>image.png</string>
			<key>path</key>
			<string>splash_screen_1536x2048.png</string>
			<key>sourceTree</key>
			<string>&lt;group&gt;</string>
		</dict>
		<key>8E91030817CE6CEC00638303</key>
		<dict>
			<key>fileRef</key>
			<string>8E91030117CE6CEC00638303</string>
			<key>isa</key>
			<string>PBXBuildFile</string>
		</dict>
		<key>8E91030917CE6CEC00638303</key>
		<dict>
			<key>fileRef</key>
			<string>8E91030217CE6CEC00638303</string>
			<key>isa</key>
			<string>PBXBuildFile</string>
		</dict>
		<key>8E91030A17CE6CEC00638303</key>
		<dict>
			<key>fileRef</key>
			<string>8E91030317CE6CEC00638303</string>
			<key>isa</key>
			<string>PBXBuildFile</string>
		</dict>
		<key>8E91030B17CE6CEC00638303</key>
		<dict>
			<key>fileRef</key>
			<string>8E91030417CE6CEC00638303</string>
			<key>isa</key>
			<string>PBXBuildFile</string>
		</dict>
		<key>8E91030C17CE6CF400638303</key>
		<dict>
			<key>isa</key>
			<string>PBXFileReference</string>
			<key>lastKnownFileType</key>
			<string>image.png</string>
			<key>path</key>
			<string>Default.png</string>
			<key>sourceTree</key>
			<string>&lt;group&gt;</string>
		</dict>
		<key>8E91030D17CE6CF400638303</key>
		<dict>
			<key>fileRef</key>
			<string>8E91030C17CE6CF400638303</string>
			<key>isa</key>
			<string>PBXBuildFile</string>
		</dict>
		<key>8E91030E17CE6CF900638303</key>
		<dict>
			<key>isa</key>
			<string>PBXFileReference</string>
			<key>lastKnownFileType</key>
			<string>image.png</string>
			<key>path</key>
			<string>Default@2x.png</string>
			<key>sourceTree</key>
			<string>&lt;group&gt;</string>
		</dict>
		<key>8E91030F17CE6CF900638303</key>
		<dict>
			<key>fileRef</key>
			<string>8E91030E17CE6CF900638303</string>
			<key>isa</key>
			<string>PBXBuildFile</string>
		</dict>
		<key>8E91031017CE6D0100638303</key>
		<dict>
			<key>isa</key>
			<string>PBXFileReference</string>
			<key>lastKnownFileType</key>
			<string>image.png</string>
			<key>path</key>
			<string>Default-568h@2x.png</string>
			<key>sourceTree</key>
			<string>&lt;group&gt;</string>
		</dict>
		<key>8E91031117CE6D0100638303</key>
		<dict>
			<key>fileRef</key>
			<string>8E91031017CE6D0100638303</string>
			<key>isa</key>
			<string>PBXBuildFile</string>
		</dict>
		<key>8E91031217CE6D4500638303</key>
		<dict>
			<key>isa</key>
			<string>PBXFileReference</string>
			<key>lastKnownFileType</key>
			<string>image.png</string>
			<key>path</key>
			<string>Default-Portrait~ipad.png</string>
			<key>sourceTree</key>
			<string>&lt;group&gt;</string>
		</dict>
		<key>8E91031317CE6D4500638303</key>
		<dict>
			<key>fileRef</key>
			<string>8E91031217CE6D4500638303</string>
			<key>isa</key>
			<string>PBXBuildFile</string>
		</dict>
		<key>8E91031417CE6D5700638303</key>
		<dict>
			<key>isa</key>
			<string>PBXFileReference</string>
			<key>lastKnownFileType</key>
			<string>image.png</string>
			<key>path</key>
			<string>Default-Portrait@2x~ipad.png</string>
			<key>sourceTree</key>
			<string>&lt;group&gt;</string>
		</dict>
		<key>8E91031517CE6D5700638303</key>
		<dict>
			<key>fileRef</key>
			<string>8E91031417CE6D5700638303</string>
			<key>isa</key>
			<string>PBXBuildFile</string>
		</dict>
		<key>8E91031617CE6D6500638303</key>
		<dict>
			<key>isa</key>
			<string>PBXFileReference</string>
			<key>lastKnownFileType</key>
			<string>image.png</string>
			<key>path</key>
			<string>Default-Landscape~ipad.png</string>
			<key>sourceTree</key>
			<string>&lt;group&gt;</string>
		</dict>
		<key>8E91031717CE6D6500638303</key>
		<dict>
			<key>fileRef</key>
			<string>8E91031617CE6D6500638303</string>
			<key>isa</key>
			<string>PBXBuildFile</string>
		</dict>
		<key>8E91031817CE6DC100638303</key>
		<dict>
			<key>isa</key>
			<string>PBXFileReference</string>
			<key>lastKnownFileType</key>
			<string>image.png</string>
			<key>path</key>
			<string>Default-Landscape@2x~ipad.png</string>
			<key>sourceTree</key>
			<string>&lt;group&gt;</string>
		</dict>
		<key>8E91031917CE6DC100638303</key>
		<dict>
			<key>fileRef</key>
			<string>8E91031817CE6DC100638303</string>
			<key>isa</key>
			<string>PBXBuildFile</string>
		</dict>
		<key>8EB4A9FF158DFC78008F351B</key>
		<dict>
			<key>children</key>
			<array>
				<string>8EB4AA01158DFC9A008F351B</string>
				<string>8EB4AA00158DFC8A008F351B</string>
			</array>
			<key>isa</key>
			<string>PBXGroup</string>
			<key>name</key>
			<string>Controllers</string>
			<key>sourceTree</key>
			<string>&lt;group&gt;</string>
		</dict>
		<key>8EB4AA00158DFC8A008F351B</key>
		<dict>
			<key>children</key>
			<array>
				<string>8E648BA215602F9100D3EC22</string>
				<string>8E648BA315602F9100D3EC22</string>
			</array>
			<key>isa</key>
			<string>PBXGroup</string>
			<key>name</key>
			<string>DetailViewController</string>
			<key>sourceTree</key>
			<string>&lt;group&gt;</string>
		</dict>
		<key>8EB4AA01158DFC9A008F351B</key>
		<dict>
			<key>children</key>
			<array>
				<string>8E648BB015602F9100D3EC22</string>
				<string>8E648BB115602F9100D3EC22</string>
			</array>
			<key>isa</key>
			<string>PBXGroup</string>
			<key>name</key>
			<string>RootViewController</string>
			<key>path</key>
			<string>SozlukIOS</string>
			<key>sourceTree</key>
			<string>&lt;group&gt;</string>
		</dict>
		<key>8EB8AFD1179DD21500D21F39</key>
		<dict>
			<key>fileEncoding</key>
			<string>4</string>
			<key>isa</key>
			<string>PBXFileReference</string>
			<key>lastKnownFileType</key>
			<string>text</string>
			<key>path</key>
			<string>a.txt</string>
			<key>sourceTree</key>
			<string>&lt;group&gt;</string>
		</dict>
		<key>8EB8AFD2179DD21500D21F39</key>
		<dict>
			<key>fileEncoding</key>
			<string>4</string>
			<key>isa</key>
			<string>PBXFileReference</string>
			<key>lastKnownFileType</key>
			<string>text</string>
			<key>path</key>
			<string>b.txt</string>
			<key>sourceTree</key>
			<string>&lt;group&gt;</string>
		</dict>
		<key>8EB8AFD3179DD21500D21F39</key>
		<dict>
			<key>fileEncoding</key>
			<string>4</string>
			<key>isa</key>
			<string>PBXFileReference</string>
			<key>lastKnownFileType</key>
			<string>text</string>
			<key>path</key>
			<string>c.txt</string>
			<key>sourceTree</key>
			<string>&lt;group&gt;</string>
		</dict>
		<key>8EB8AFD4179DD21500D21F39</key>
		<dict>
			<key>fileEncoding</key>
			<string>4</string>
			<key>isa</key>
			<string>PBXFileReference</string>
			<key>lastKnownFileType</key>
			<string>text</string>
			<key>path</key>
			<string>c&#807;.txt</string>
			<key>sourceTree</key>
			<string>&lt;group&gt;</string>
		</dict>
		<key>8EB8AFD5179DD21500D21F39</key>
		<dict>
			<key>fileEncoding</key>
			<string>4</string>
			<key>isa</key>
			<string>PBXFileReference</string>
			<key>lastKnownFileType</key>
			<string>text</string>
			<key>path</key>
			<string>d.txt</string>
			<key>sourceTree</key>
			<string>&lt;group&gt;</string>
		</dict>
		<key>8EB8AFD6179DD21500D21F39</key>
		<dict>
			<key>fileEncoding</key>
			<string>4</string>
			<key>isa</key>
			<string>PBXFileReference</string>
			<key>lastKnownFileType</key>
			<string>text</string>
			<key>path</key>
			<string>e.txt</string>
			<key>sourceTree</key>
			<string>&lt;group&gt;</string>
		</dict>
		<key>8EB8AFD7179DD21500D21F39</key>
		<dict>
			<key>fileEncoding</key>
			<string>4</string>
			<key>isa</key>
			<string>PBXFileReference</string>
			<key>lastKnownFileType</key>
			<string>text</string>
			<key>path</key>
			<string>f.txt</string>
			<key>sourceTree</key>
			<string>&lt;group&gt;</string>
		</dict>
		<key>8EB8AFD8179DD21500D21F39</key>
		<dict>
			<key>fileEncoding</key>
			<string>4</string>
			<key>isa</key>
			<string>PBXFileReference</string>
			<key>lastKnownFileType</key>
			<string>text</string>
			<key>path</key>
			<string>g.txt</string>
			<key>sourceTree</key>
			<string>&lt;group&gt;</string>
		</dict>
		<key>8EB8AFD9179DD21500D21F39</key>
		<dict>
			<key>fileEncoding</key>
			<string>4</string>
			<key>isa</key>
			<string>PBXFileReference</string>
			<key>lastKnownFileType</key>
			<string>text</string>
			<key>path</key>
			<string>h.txt</string>
			<key>sourceTree</key>
			<string>&lt;group&gt;</string>
		</dict>
		<key>8EB8AFDA179DD21500D21F39</key>
		<dict>
			<key>fileEncoding</key>
			<string>4</string>
			<key>isa</key>
			<string>PBXFileReference</string>
			<key>lastKnownFileType</key>
			<string>text</string>
			<key>path</key>
			<string>i.txt</string>
			<key>sourceTree</key>
			<string>&lt;group&gt;</string>
		</dict>
		<key>8EB8AFDB179DD21500D21F39</key>
		<dict>
			<key>fileEncoding</key>
			<string>4</string>
			<key>isa</key>
			<string>PBXFileReference</string>
			<key>lastKnownFileType</key>
			<string>text</string>
			<key>path</key>
			<string>j.txt</string>
			<key>sourceTree</key>
			<string>&lt;group&gt;</string>
		</dict>
		<key>8EB8AFDC179DD21500D21F39</key>
		<dict>
			<key>fileEncoding</key>
			<string>4</string>
			<key>isa</key>
			<string>PBXFileReference</string>
			<key>lastKnownFileType</key>
			<string>text</string>
			<key>path</key>
			<string>k.txt</string>
			<key>sourceTree</key>
			<string>&lt;group&gt;</string>
		</dict>
		<key>8EB8AFDD179DD21500D21F39</key>
		<dict>
			<key>fileEncoding</key>
			<string>4</string>
			<key>isa</key>
			<string>PBXFileReference</string>
			<key>lastKnownFileType</key>
			<string>text</string>
			<key>path</key>
			<string>l.txt</string>
			<key>sourceTree</key>
			<string>&lt;group&gt;</string>
		</dict>
		<key>8EB8AFDE179DD21500D21F39</key>
		<dict>
			<key>fileEncoding</key>
			<string>4</string>
			<key>isa</key>
			<string>PBXFileReference</string>
			<key>lastKnownFileType</key>
			<string>text</string>
			<key>path</key>
			<string>m.txt</string>
			<key>sourceTree</key>
			<string>&lt;group&gt;</string>
		</dict>
		<key>8EB8AFDF179DD21500D21F39</key>
		<dict>
			<key>fileEncoding</key>
			<string>4</string>
			<key>isa</key>
			<string>PBXFileReference</string>
			<key>lastKnownFileType</key>
			<string>text</string>
			<key>path</key>
			<string>n.txt</string>
			<key>sourceTree</key>
			<string>&lt;group&gt;</string>
		</dict>
		<key>8EB8AFE0179DD21500D21F39</key>
		<dict>
			<key>fileEncoding</key>
			<string>4</string>
			<key>isa</key>
			<string>PBXFileReference</string>
			<key>lastKnownFileType</key>
			<string>text</string>
			<key>path</key>
			<string>o.txt</string>
			<key>sourceTree</key>
			<string>&lt;group&gt;</string>
		</dict>
		<key>8EB8AFE1179DD21500D21F39</key>
		<dict>
			<key>fileEncoding</key>
			<string>4</string>
			<key>isa</key>
			<string>PBXFileReference</string>
			<key>lastKnownFileType</key>
			<string>text</string>
			<key>path</key>
			<string>o&#776;.txt</string>
			<key>sourceTree</key>
			<string>&lt;group&gt;</string>
		</dict>
		<key>8EB8AFE2179DD21500D21F39</key>
		<dict>
			<key>fileEncoding</key>
			<string>4</string>
			<key>isa</key>
			<string>PBXFileReference</string>
			<key>lastKnownFileType</key>
			<string>text</string>
			<key>path</key>
			<string>p.txt</string>
			<key>sourceTree</key>
			<string>&lt;group&gt;</string>
		</dict>
		<key>8EB8AFE3179DD21500D21F39</key>
		<dict>
			<key>fileEncoding</key>
			<string>4</string>
			<key>isa</key>
			<string>PBXFileReference</string>
			<key>lastKnownFileType</key>
			<string>text</string>
			<key>path</key>
			<string>r.txt</string>
			<key>sourceTree</key>
			<string>&lt;group&gt;</string>
		</dict>
		<key>8EB8AFE4179DD21500D21F39</key>
		<dict>
			<key>fileEncoding</key>
			<string>4</string>
			<key>isa</key>
			<string>PBXFileReference</string>
			<key>lastKnownFileType</key>
			<string>text</string>
			<key>path</key>
			<string>s.txt</string>
			<key>sourceTree</key>
			<string>&lt;group&gt;</string>
		</dict>
		<key>8EB8AFE5179DD21500D21F39</key>
		<dict>
			<key>fileEncoding</key>
			<string>4</string>
			<key>isa</key>
			<string>PBXFileReference</string>
			<key>lastKnownFileType</key>
			<string>text</string>
			<key>path</key>
			<string>s&#807;.txt</string>
			<key>sourceTree</key>
			<string>&lt;group&gt;</string>
		</dict>
		<key>8EB8AFE6179DD21500D21F39</key>
		<dict>
			<key>fileEncoding</key>
			<string>4</string>
			<key>isa</key>
			<string>PBXFileReference</string>
			<key>lastKnownFileType</key>
			<string>text</string>
			<key>path</key>
			<string>t.txt</string>
			<key>sourceTree</key>
			<string>&lt;group&gt;</string>
		</dict>
		<key>8EB8AFE7179DD21500D21F39</key>
		<dict>
			<key>fileEncoding</key>
			<string>4</string>
			<key>isa</key>
			<string>PBXFileReference</string>
			<key>lastKnownFileType</key>
			<string>text</string>
			<key>path</key>
			<string>u.txt</string>
			<key>sourceTree</key>
			<string>&lt;group&gt;</string>
		</dict>
		<key>8EB8AFE8179DD21500D21F39</key>
		<dict>
			<key>fileEncoding</key>
			<string>4</string>
			<key>isa</key>
			<string>PBXFileReference</string>
			<key>lastKnownFileType</key>
			<string>text</string>
			<key>path</key>
			<string>u&#776;.txt</string>
			<key>sourceTree</key>
			<string>&lt;group&gt;</string>
		</dict>
		<key>8EB8AFE9179DD21500D21F39</key>
		<dict>
			<key>fileEncoding</key>
			<string>4</string>
			<key>isa</key>
			<string>PBXFileReference</string>
			<key>lastKnownFileType</key>
			<string>text</string>
			<key>path</key>
			<string>v.txt</string>
			<key>sourceTree</key>
			<string>&lt;group&gt;</string>
		</dict>
		<key>8EB8AFEA179DD21500D21F39</key>
		<dict>
			<key>fileEncoding</key>
			<string>4</string>
			<key>isa</key>
			<string>PBXFileReference</string>
			<key>lastKnownFileType</key>
			<string>text</string>
			<key>path</key>
			<string>y.txt</string>
			<key>sourceTree</key>
			<string>&lt;group&gt;</string>
		</dict>
		<key>8EB8AFEB179DD21500D21F39</key>
		<dict>
			<key>fileEncoding</key>
			<string>4</string>
			<key>isa</key>
			<string>PBXFileReference</string>
			<key>lastKnownFileType</key>
			<string>text</string>
			<key>path</key>
			<string>z.txt</string>
			<key>sourceTree</key>
			<string>&lt;group&gt;</string>
		</dict>
		<key>8EB8AFEC179DD21500D21F39</key>
		<dict>
			<key>fileRef</key>
			<string>8EB8AFD1179DD21500D21F39</string>
			<key>isa</key>
			<string>PBXBuildFile</string>
		</dict>
		<key>8EB8AFED179DD21500D21F39</key>
		<dict>
			<key>fileRef</key>
			<string>8EB8AFD2179DD21500D21F39</string>
			<key>isa</key>
			<string>PBXBuildFile</string>
		</dict>
		<key>8EB8AFEE179DD21500D21F39</key>
		<dict>
			<key>fileRef</key>
			<string>8EB8AFD3179DD21500D21F39</string>
			<key>isa</key>
			<string>PBXBuildFile</string>
		</dict>
		<key>8EB8AFEF179DD21500D21F39</key>
		<dict>
			<key>fileRef</key>
			<string>8EB8AFD4179DD21500D21F39</string>
			<key>isa</key>
			<string>PBXBuildFile</string>
		</dict>
		<key>8EB8AFF0179DD21500D21F39</key>
		<dict>
			<key>fileRef</key>
			<string>8EB8AFD5179DD21500D21F39</string>
			<key>isa</key>
			<string>PBXBuildFile</string>
		</dict>
		<key>8EB8AFF1179DD21500D21F39</key>
		<dict>
			<key>fileRef</key>
			<string>8EB8AFD6179DD21500D21F39</string>
			<key>isa</key>
			<string>PBXBuildFile</string>
		</dict>
		<key>8EB8AFF2179DD21500D21F39</key>
		<dict>
			<key>fileRef</key>
			<string>8EB8AFD7179DD21500D21F39</string>
			<key>isa</key>
			<string>PBXBuildFile</string>
		</dict>
		<key>8EB8AFF3179DD21500D21F39</key>
		<dict>
			<key>fileRef</key>
			<string>8EB8AFD8179DD21500D21F39</string>
			<key>isa</key>
			<string>PBXBuildFile</string>
		</dict>
		<key>8EB8AFF4179DD21500D21F39</key>
		<dict>
			<key>fileRef</key>
			<string>8EB8AFD9179DD21500D21F39</string>
			<key>isa</key>
			<string>PBXBuildFile</string>
		</dict>
		<key>8EB8AFF5179DD21500D21F39</key>
		<dict>
			<key>fileRef</key>
			<string>8EB8AFDA179DD21500D21F39</string>
			<key>isa</key>
			<string>PBXBuildFile</string>
		</dict>
		<key>8EB8AFF6179DD21500D21F39</key>
		<dict>
			<key>fileRef</key>
			<string>8EB8AFDB179DD21500D21F39</string>
			<key>isa</key>
			<string>PBXBuildFile</string>
		</dict>
		<key>8EB8AFF7179DD21500D21F39</key>
		<dict>
			<key>fileRef</key>
			<string>8EB8AFDC179DD21500D21F39</string>
			<key>isa</key>
			<string>PBXBuildFile</string>
		</dict>
		<key>8EB8AFF8179DD21500D21F39</key>
		<dict>
			<key>fileRef</key>
			<string>8EB8AFDD179DD21500D21F39</string>
			<key>isa</key>
			<string>PBXBuildFile</string>
		</dict>
		<key>8EB8AFF9179DD21500D21F39</key>
		<dict>
			<key>fileRef</key>
			<string>8EB8AFDE179DD21500D21F39</string>
			<key>isa</key>
			<string>PBXBuildFile</string>
		</dict>
		<key>8EB8AFFA179DD21500D21F39</key>
		<dict>
			<key>fileRef</key>
			<string>8EB8AFDF179DD21500D21F39</string>
			<key>isa</key>
			<string>PBXBuildFile</string>
		</dict>
		<key>8EB8AFFB179DD21500D21F39</key>
		<dict>
			<key>fileRef</key>
			<string>8EB8AFE0179DD21500D21F39</string>
			<key>isa</key>
			<string>PBXBuildFile</string>
		</dict>
		<key>8EB8AFFC179DD21500D21F39</key>
		<dict>
			<key>fileRef</key>
			<string>8EB8AFE1179DD21500D21F39</string>
			<key>isa</key>
			<string>PBXBuildFile</string>
		</dict>
		<key>8EB8AFFD179DD21500D21F39</key>
		<dict>
			<key>fileRef</key>
			<string>8EB8AFE2179DD21500D21F39</string>
			<key>isa</key>
			<string>PBXBuildFile</string>
		</dict>
		<key>8EB8AFFE179DD21500D21F39</key>
		<dict>
			<key>fileRef</key>
			<string>8EB8AFE3179DD21500D21F39</string>
			<key>isa</key>
			<string>PBXBuildFile</string>
		</dict>
		<key>8EB8AFFF179DD21500D21F39</key>
		<dict>
			<key>fileRef</key>
			<string>8EB8AFE4179DD21500D21F39</string>
			<key>isa</key>
			<string>PBXBuildFile</string>
		</dict>
		<key>8EB8B000179DD21500D21F39</key>
		<dict>
			<key>fileRef</key>
			<string>8EB8AFE5179DD21500D21F39</string>
			<key>isa</key>
			<string>PBXBuildFile</string>
		</dict>
		<key>8EB8B001179DD21500D21F39</key>
		<dict>
			<key>fileRef</key>
			<string>8EB8AFE6179DD21500D21F39</string>
			<key>isa</key>
			<string>PBXBuildFile</string>
		</dict>
		<key>8EB8B002179DD21500D21F39</key>
		<dict>
			<key>fileRef</key>
			<string>8EB8AFE7179DD21500D21F39</string>
			<key>isa</key>
			<string>PBXBuildFile</string>
		</dict>
		<key>8EB8B003179DD21500D21F39</key>
		<dict>
			<key>fileRef</key>
			<string>8EB8AFE8179DD21500D21F39</string>
			<key>isa</key>
			<string>PBXBuildFile</string>
		</dict>
		<key>8EB8B004179DD21500D21F39</key>
		<dict>
			<key>fileRef</key>
			<string>8EB8AFE9179DD21500D21F39</string>
			<key>isa</key>
			<string>PBXBuildFile</string>
		</dict>
		<key>8EB8B005179DD21500D21F39</key>
		<dict>
			<key>fileRef</key>
			<string>8EB8AFEA179DD21500D21F39</string>
			<key>isa</key>
			<string>PBXBuildFile</string>
		</dict>
		<key>8EB8B006179DD21500D21F39</key>
		<dict>
			<key>fileRef</key>
			<string>8EB8AFEB179DD21500D21F39</string>
			<key>isa</key>
			<string>PBXBuildFile</string>
		</dict>
		<key>8EB8B00D179F1F2800D21F39</key>
		<dict>
			<key>fileEncoding</key>
			<string>4</string>
			<key>isa</key>
			<string>PBXFileReference</string>
			<key>lastKnownFileType</key>
			<string>text</string>
			<key>path</key>
			<string>&#305;.txt</string>
			<key>sourceTree</key>
			<string>&lt;group&gt;</string>
		</dict>
		<key>8EB8B00E179F1F2800D21F39</key>
		<dict>
			<key>fileRef</key>
			<string>8EB8B00D179F1F2800D21F39</string>
			<key>isa</key>
			<string>PBXBuildFile</string>
		</dict>
		<key>8EB8B00F179F336800D21F39</key>
		<dict>
			<key>fileEncoding</key>
			<string>4</string>
			<key>isa</key>
			<string>PBXFileReference</string>
			<key>lastKnownFileType</key>
			<string>file.storyboard</string>
			<key>path</key>
			<string>iPadStoryBoard.storyboard</string>
			<key>sourceTree</key>
			<string>&lt;group&gt;</string>
		</dict>
		<key>8EB8B010179F336800D21F39</key>
		<dict>
			<key>fileRef</key>
			<string>8EB8B00F179F336800D21F39</string>
			<key>isa</key>
			<string>PBXBuildFile</string>
		</dict>
		<key>CDB1F50053764138835780EF</key>
		<dict>
			<key>explicitFileType</key>
			<string>archive.ar</string>
			<key>includeInIndex</key>
			<string>0</string>
			<key>isa</key>
			<string>PBXFileReference</string>
			<key>path</key>
			<string>libPods.a</string>
			<key>sourceTree</key>
			<string>BUILT_PRODUCTS_DIR</string>
		</dict>
		<key>CE23AD5F179C1FF300DBE2A9</key>
		<dict>
			<key>fileEncoding</key>
			<string>4</string>
			<key>isa</key>
			<string>PBXFileReference</string>
			<key>lastKnownFileType</key>
			<string>file.storyboard</string>
			<key>path</key>
			<string>iphoneStoryBoard.storyboard</string>
			<key>sourceTree</key>
			<string>&lt;group&gt;</string>
		</dict>
		<key>CE23AD60179C1FF300DBE2A9</key>
		<dict>
			<key>fileRef</key>
			<string>CE23AD5F179C1FF300DBE2A9</string>
			<key>isa</key>
			<string>PBXBuildFile</string>
		</dict>
		<key>D21C9DEE8F2A4F8490ED9F8F</key>
		<dict>
			<key>buildActionMask</key>
			<string>2147483647</string>
			<key>files</key>
			<array/>
			<key>inputPaths</key>
			<array/>
			<key>isa</key>
			<string>PBXShellScriptBuildPhase</string>
			<key>name</key>
			<string>Copy Pods Resources</string>
			<key>outputPaths</key>
			<array/>
			<key>runOnlyForDeploymentPostprocessing</key>
			<string>0</string>
			<key>shellPath</key>
			<string>/bin/sh</string>
			<key>shellScript</key>
			<string>"${SRCROOT}/Pods/Pods-resources.sh"
</string>
			<key>showEnvVarsInLog</key>
			<string>0</string>
		</dict>
		<key>EB411FBC08804728B09CB46A</key>
		<dict>
			<key>fileRef</key>
			<string>CDB1F50053764138835780EF</string>
			<key>isa</key>
			<string>PBXBuildFile</string>
		</dict>
	</dict>
	<key>rootObject</key>
	<string>8E648B7615602DA500D3EC22</string>
</dict>
</plist>
