// !$*UTF8*$!
{
	archiveVersion = 1;
	classes = {
	};
	objectVersion = 46;
	objects = {

/* Begin PBXBuildFile section */
		36EBC8B26EBE71DE605D454D /* Word.m in Sources */ = {isa = PBXBuildFile; fileRef = 36EBCB78D2252B4595C0B99A /* Word.m */; };
		8E648B8415602DA500D3EC22 /* UIKit.framework in Frameworks */ = {isa = PBXBuildFile; fileRef = 8E648B8315602DA500D3EC22 /* UIKit.framework */; };
		8E648B8615602DA500D3EC22 /* Foundation.framework in Frameworks */ = {isa = PBXBuildFile; fileRef = 8E648B8515602DA500D3EC22 /* Foundation.framework */; };
		8E648B8815602DA500D3EC22 /* CoreGraphics.framework in Frameworks */ = {isa = PBXBuildFile; fileRef = 8E648B8715602DA500D3EC22 /* CoreGraphics.framework */; };
		8E648B8E15602DA500D3EC22 /* InfoPlist.strings in Resources */ = {isa = PBXBuildFile; fileRef = 8E648B8C15602DA500D3EC22 /* InfoPlist.strings */; };
		8E648B9015602DA500D3EC22 /* main.m in Sources */ = {isa = PBXBuildFile; fileRef = 8E648B8F15602DA500D3EC22 /* main.m */; };
		8E648BB915602F9100D3EC22 /* DetailViewController.m in Sources */ = {isa = PBXBuildFile; fileRef = 8E648BA315602F9100D3EC22 /* DetailViewController.m */; };
		8E648BBC15602F9100D3EC22 /* InfoPlist.strings in Resources */ = {isa = PBXBuildFile; fileRef = 8E648BA615602F9100D3EC22 /* InfoPlist.strings */; };
		8E648BC115602F9100D3EC22 /* RootViewController.m in Sources */ = {isa = PBXBuildFile; fileRef = 8E648BB115602F9100D3EC22 /* RootViewController.m */; };
		8E648BC215602F9100D3EC22 /* SozlukIOS-Info.plist in Resources */ = {isa = PBXBuildFile; fileRef = 8E648BB215602F9100D3EC22 /* SozlukIOS-Info.plist */; };
		8E648BC315602F9100D3EC22 /* SozlukIOSAppDelegate.m in Sources */ = {isa = PBXBuildFile; fileRef = 8E648BB515602F9100D3EC22 /* SozlukIOSAppDelegate.m */; };
		8E9102DF17CE016E00638303 /* Security.framework in Frameworks */ = {isa = PBXBuildFile; fileRef = 8E9102DE17CE016E00638303 /* Security.framework */; };
		8E9102E117CE019C00638303 /* SystemConfiguration.framework in Frameworks */ = {isa = PBXBuildFile; fileRef = 8E9102E017CE019C00638303 /* SystemConfiguration.framework */; };
		8EB8B010179F336800D21F39 /* iPadStoryBoard.storyboard in Resources */ = {isa = PBXBuildFile; fileRef = 8EB8B00F179F336800D21F39 /* iPadStoryBoard.storyboard */; };
		8EC7340E1E93B96E009D8CB8 /* a.json in Resources */ = {isa = PBXBuildFile; fileRef = 8EC733F21E93B96E009D8CB8 /* a.json */; };
		8EC7340F1E93B96E009D8CB8 /* b.json in Resources */ = {isa = PBXBuildFile; fileRef = 8EC733F31E93B96E009D8CB8 /* b.json */; };
		8EC734101E93B96E009D8CB8 /* c.json in Resources */ = {isa = PBXBuildFile; fileRef = 8EC733F41E93B96E009D8CB8 /* c.json */; };
		8EC734111E93B96E009D8CB8 /* ç.json in Resources */ = {isa = PBXBuildFile; fileRef = 8EC733F51E93B96E009D8CB8 /* ç.json */; };
		8EC734121E93B96E009D8CB8 /* d.json in Resources */ = {isa = PBXBuildFile; fileRef = 8EC733F61E93B96E009D8CB8 /* d.json */; };
		8EC734131E93B96E009D8CB8 /* e.json in Resources */ = {isa = PBXBuildFile; fileRef = 8EC733F71E93B96E009D8CB8 /* e.json */; };
		8EC734141E93B96E009D8CB8 /* f.json in Resources */ = {isa = PBXBuildFile; fileRef = 8EC733F81E93B96E009D8CB8 /* f.json */; };
		8EC734151E93B96E009D8CB8 /* g.json in Resources */ = {isa = PBXBuildFile; fileRef = 8EC733F91E93B96E009D8CB8 /* g.json */; };
		8EC734161E93B96E009D8CB8 /* h.json in Resources */ = {isa = PBXBuildFile; fileRef = 8EC733FA1E93B96E009D8CB8 /* h.json */; };
		8EC734171E93B96E009D8CB8 /* i.json in Resources */ = {isa = PBXBuildFile; fileRef = 8EC733FB1E93B96E009D8CB8 /* i.json */; };
		8EC734181E93B96E009D8CB8 /* ı.json in Resources */ = {isa = PBXBuildFile; fileRef = 8EC733FC1E93B96E009D8CB8 /* ı.json */; };
		8EC734191E93B96E009D8CB8 /* j.json in Resources */ = {isa = PBXBuildFile; fileRef = 8EC733FD1E93B96E009D8CB8 /* j.json */; };
		8EC7341A1E93B96E009D8CB8 /* k.json in Resources */ = {isa = PBXBuildFile; fileRef = 8EC733FE1E93B96E009D8CB8 /* k.json */; };
		8EC7341B1E93B96E009D8CB8 /* l.json in Resources */ = {isa = PBXBuildFile; fileRef = 8EC733FF1E93B96E009D8CB8 /* l.json */; };
		8EC7341C1E93B96E009D8CB8 /* m.json in Resources */ = {isa = PBXBuildFile; fileRef = 8EC734001E93B96E009D8CB8 /* m.json */; };
		8EC7341D1E93B96E009D8CB8 /* n.json in Resources */ = {isa = PBXBuildFile; fileRef = 8EC734011E93B96E009D8CB8 /* n.json */; };
		8EC7341E1E93B96E009D8CB8 /* o.json in Resources */ = {isa = PBXBuildFile; fileRef = 8EC734021E93B96E009D8CB8 /* o.json */; };
		8EC7341F1E93B96E009D8CB8 /* ö.json in Resources */ = {isa = PBXBuildFile; fileRef = 8EC734031E93B96E009D8CB8 /* ö.json */; };
		8EC734201E93B96E009D8CB8 /* p.json in Resources */ = {isa = PBXBuildFile; fileRef = 8EC734041E93B96E009D8CB8 /* p.json */; };
		8EC734211E93B96E009D8CB8 /* r.json in Resources */ = {isa = PBXBuildFile; fileRef = 8EC734051E93B96E009D8CB8 /* r.json */; };
		8EC734221E93B96E009D8CB8 /* s.json in Resources */ = {isa = PBXBuildFile; fileRef = 8EC734061E93B96E009D8CB8 /* s.json */; };
		8EC734231E93B96E009D8CB8 /* ş.json in Resources */ = {isa = PBXBuildFile; fileRef = 8EC734071E93B96E009D8CB8 /* ş.json */; };
		8EC734241E93B96E009D8CB8 /* t.json in Resources */ = {isa = PBXBuildFile; fileRef = 8EC734081E93B96E009D8CB8 /* t.json */; };
		8EC734251E93B96E009D8CB8 /* u.json in Resources */ = {isa = PBXBuildFile; fileRef = 8EC734091E93B96E009D8CB8 /* u.json */; };
		8EC734261E93B96E009D8CB8 /* ü.json in Resources */ = {isa = PBXBuildFile; fileRef = 8EC7340A1E93B96E009D8CB8 /* ü.json */; };
		8EC734271E93B96E009D8CB8 /* v.json in Resources */ = {isa = PBXBuildFile; fileRef = 8EC7340B1E93B96E009D8CB8 /* v.json */; };
		8EC734281E93B96E009D8CB8 /* y.json in Resources */ = {isa = PBXBuildFile; fileRef = 8EC7340C1E93B96E009D8CB8 /* y.json */; };
		8EC734291E93B96E009D8CB8 /* z.json in Resources */ = {isa = PBXBuildFile; fileRef = 8EC7340D1E93B96E009D8CB8 /* z.json */; };
		8EC7342C1E93D1D2009D8CB8 /* logo_76.png in Resources */ = {isa = PBXBuildFile; fileRef = 8EC7342A1E93D1D2009D8CB8 /* logo_76.png */; };
		8EC7342D1E93D1D2009D8CB8 /* logo_76@2x.png in Resources */ = {isa = PBXBuildFile; fileRef = 8EC7342B1E93D1D2009D8CB8 /* logo_76@2x.png */; };
		8EC734301E93D287009D8CB8 /* logo_60.png in Resources */ = {isa = PBXBuildFile; fileRef = 8EC7342E1E93D287009D8CB8 /* logo_60.png */; };
		8EC734311E93D287009D8CB8 /* logo_60@2x.png in Resources */ = {isa = PBXBuildFile; fileRef = 8EC7342F1E93D287009D8CB8 /* logo_60@2x.png */; };
		8EC734331E93D2E5009D8CB8 /* logo_60@3x.png in Resources */ = {isa = PBXBuildFile; fileRef = 8EC734321E93D2E5009D8CB8 /* logo_60@3x.png */; };
		8EC734351E93D37E009D8CB8 /* logo_83.5@2x.png in Resources */ = {isa = PBXBuildFile; fileRef = 8EC734341E93D37E009D8CB8 /* logo_83.5@2x.png */; };
		8EC7343A1E93D5E4009D8CB8 /* Default-568h@2x.png in Resources */ = {isa = PBXBuildFile; fileRef = 8EC734381E93D5E4009D8CB8 /* Default-568h@2x.png */; };
		8EC7343B1E93D5E4009D8CB8 /* Default@2x.png in Resources */ = {isa = PBXBuildFile; fileRef = 8EC734391E93D5E4009D8CB8 /* Default@2x.png */; };
		8ECEEAF01E92679100597FAA /* Images.xcassets in Resources */ = {isa = PBXBuildFile; fileRef = 8ECEEAEF1E92679100597FAA /* Images.xcassets */; };
		CE23AD60179C1FF300DBE2A9 /* iphoneStoryBoard.storyboard in Resources */ = {isa = PBXBuildFile; fileRef = CE23AD5F179C1FF300DBE2A9 /* iphoneStoryBoard.storyboard */; };
/* End PBXBuildFile section */

/* Begin PBXFileReference section */
		36EBC54C666752E18FA34A0F /* Word.h */ = {isa = PBXFileReference; fileEncoding = 4; lastKnownFileType = sourcecode.c.h; path = Word.h; sourceTree = "<group>"; };
		36EBCB78D2252B4595C0B99A /* Word.m */ = {isa = PBXFileReference; fileEncoding = 4; lastKnownFileType = sourcecode.c.objc; path = Word.m; sourceTree = "<group>"; };
		487B5B93B6AC466BBE517BAC /* Pods.xcconfig */ = {isa = PBXFileReference; includeInIndex = 1; lastKnownFileType = text.xcconfig; name = Pods.xcconfig; path = Pods/Pods.xcconfig; sourceTree = SOURCE_ROOT; };
		8E648B7F15602DA500D3EC22 /* Lugat Sozluk.app */ = {isa = PBXFileReference; explicitFileType = wrapper.application; includeInIndex = 0; path = "Lugat Sozluk.app"; sourceTree = BUILT_PRODUCTS_DIR; };
		8E648B8315602DA500D3EC22 /* UIKit.framework */ = {isa = PBXFileReference; lastKnownFileType = wrapper.framework; name = UIKit.framework; path = System/Library/Frameworks/UIKit.framework; sourceTree = SDKROOT; };
		8E648B8515602DA500D3EC22 /* Foundation.framework */ = {isa = PBXFileReference; lastKnownFileType = wrapper.framework; name = Foundation.framework; path = System/Library/Frameworks/Foundation.framework; sourceTree = SDKROOT; };
		8E648B8715602DA500D3EC22 /* CoreGraphics.framework */ = {isa = PBXFileReference; lastKnownFileType = wrapper.framework; name = CoreGraphics.framework; path = System/Library/Frameworks/CoreGraphics.framework; sourceTree = SDKROOT; };
		8E648B8B15602DA500D3EC22 /* Lugat Sozluk-Info.plist */ = {isa = PBXFileReference; lastKnownFileType = text.plist.xml; path = "Lugat Sozluk-Info.plist"; sourceTree = "<group>"; };
		8E648B8D15602DA500D3EC22 /* en */ = {isa = PBXFileReference; lastKnownFileType = text.plist.strings; name = en; path = en.lproj/InfoPlist.strings; sourceTree = "<group>"; };
		8E648B8F15602DA500D3EC22 /* main.m */ = {isa = PBXFileReference; lastKnownFileType = sourcecode.c.objc; path = main.m; sourceTree = "<group>"; };
		8E648B9115602DA500D3EC22 /* Lugat Sozluk-Prefix.pch */ = {isa = PBXFileReference; lastKnownFileType = sourcecode.c.h; path = "Lugat Sozluk-Prefix.pch"; sourceTree = "<group>"; };
		8E648BA215602F9100D3EC22 /* DetailViewController.h */ = {isa = PBXFileReference; fileEncoding = 4; lastKnownFileType = sourcecode.c.h; name = DetailViewController.h; path = SozlukIOS/DetailViewController.h; sourceTree = "<group>"; };
		8E648BA315602F9100D3EC22 /* DetailViewController.m */ = {isa = PBXFileReference; fileEncoding = 4; lastKnownFileType = sourcecode.c.objc; name = DetailViewController.m; path = SozlukIOS/DetailViewController.m; sourceTree = "<group>"; };
		8E648BA715602F9100D3EC22 /* en */ = {isa = PBXFileReference; lastKnownFileType = text.plist.strings; name = en; path = en.lproj/InfoPlist.strings; sourceTree = "<group>"; };
		8E648BB015602F9100D3EC22 /* RootViewController.h */ = {isa = PBXFileReference; fileEncoding = 4; lastKnownFileType = sourcecode.c.h; path = RootViewController.h; sourceTree = "<group>"; };
		8E648BB115602F9100D3EC22 /* RootViewController.m */ = {isa = PBXFileReference; fileEncoding = 4; lastKnownFileType = sourcecode.c.objc; path = RootViewController.m; sourceTree = "<group>"; };
		8E648BB215602F9100D3EC22 /* SozlukIOS-Info.plist */ = {isa = PBXFileReference; fileEncoding = 4; lastKnownFileType = text.plist.xml; name = "SozlukIOS-Info.plist"; path = "SozlukIOS/SozlukIOS-Info.plist"; sourceTree = "<group>"; };
		8E648BB315602F9100D3EC22 /* SozlukIOS-Prefix.pch */ = {isa = PBXFileReference; fileEncoding = 4; lastKnownFileType = sourcecode.c.h; name = "SozlukIOS-Prefix.pch"; path = "SozlukIOS/SozlukIOS-Prefix.pch"; sourceTree = "<group>"; };
		8E648BB415602F9100D3EC22 /* SozlukIOSAppDelegate.h */ = {isa = PBXFileReference; fileEncoding = 4; lastKnownFileType = sourcecode.c.h; name = SozlukIOSAppDelegate.h; path = SozlukIOS/SozlukIOSAppDelegate.h; sourceTree = "<group>"; };
		8E648BB515602F9100D3EC22 /* SozlukIOSAppDelegate.m */ = {isa = PBXFileReference; fileEncoding = 4; lastKnownFileType = sourcecode.c.objc; name = SozlukIOSAppDelegate.m; path = SozlukIOS/SozlukIOSAppDelegate.m; sourceTree = "<group>"; };
		8E9102DE17CE016E00638303 /* Security.framework */ = {isa = PBXFileReference; lastKnownFileType = wrapper.framework; name = Security.framework; path = System/Library/Frameworks/Security.framework; sourceTree = SDKROOT; };
		8E9102E017CE019C00638303 /* SystemConfiguration.framework */ = {isa = PBXFileReference; lastKnownFileType = wrapper.framework; name = SystemConfiguration.framework; path = System/Library/Frameworks/SystemConfiguration.framework; sourceTree = SDKROOT; };
		8EB8B00F179F336800D21F39 /* iPadStoryBoard.storyboard */ = {isa = PBXFileReference; fileEncoding = 4; lastKnownFileType = file.storyboard; path = iPadStoryBoard.storyboard; sourceTree = "<group>"; };
		8EC733F21E93B96E009D8CB8 /* a.json */ = {isa = PBXFileReference; fileEncoding = 4; lastKnownFileType = text.json; path = a.json; sourceTree = "<group>"; };
		8EC733F31E93B96E009D8CB8 /* b.json */ = {isa = PBXFileReference; fileEncoding = 4; lastKnownFileType = text.json; path = b.json; sourceTree = "<group>"; };
		8EC733F41E93B96E009D8CB8 /* c.json */ = {isa = PBXFileReference; fileEncoding = 4; lastKnownFileType = text.json; path = c.json; sourceTree = "<group>"; };
		8EC733F51E93B96E009D8CB8 /* ç.json */ = {isa = PBXFileReference; fileEncoding = 4; lastKnownFileType = text.json; path = "ç.json"; sourceTree = "<group>"; };
		8EC733F61E93B96E009D8CB8 /* d.json */ = {isa = PBXFileReference; fileEncoding = 4; lastKnownFileType = text.json; path = d.json; sourceTree = "<group>"; };
		8EC733F71E93B96E009D8CB8 /* e.json */ = {isa = PBXFileReference; fileEncoding = 4; lastKnownFileType = text.json; path = e.json; sourceTree = "<group>"; };
		8EC733F81E93B96E009D8CB8 /* f.json */ = {isa = PBXFileReference; fileEncoding = 4; lastKnownFileType = text.json; path = f.json; sourceTree = "<group>"; };
		8EC733F91E93B96E009D8CB8 /* g.json */ = {isa = PBXFileReference; fileEncoding = 4; lastKnownFileType = text.json; path = g.json; sourceTree = "<group>"; };
		8EC733FA1E93B96E009D8CB8 /* h.json */ = {isa = PBXFileReference; fileEncoding = 4; lastKnownFileType = text.json; path = h.json; sourceTree = "<group>"; };
		8EC733FB1E93B96E009D8CB8 /* i.json */ = {isa = PBXFileReference; fileEncoding = 4; lastKnownFileType = text.json; path = i.json; sourceTree = "<group>"; };
		8EC733FC1E93B96E009D8CB8 /* ı.json */ = {isa = PBXFileReference; fileEncoding = 4; lastKnownFileType = text.json; path = "ı.json"; sourceTree = "<group>"; };
		8EC733FD1E93B96E009D8CB8 /* j.json */ = {isa = PBXFileReference; fileEncoding = 4; lastKnownFileType = text.json; path = j.json; sourceTree = "<group>"; };
		8EC733FE1E93B96E009D8CB8 /* k.json */ = {isa = PBXFileReference; fileEncoding = 4; lastKnownFileType = text.json; path = k.json; sourceTree = "<group>"; };
		8EC733FF1E93B96E009D8CB8 /* l.json */ = {isa = PBXFileReference; fileEncoding = 4; lastKnownFileType = text.json; path = l.json; sourceTree = "<group>"; };
		8EC734001E93B96E009D8CB8 /* m.json */ = {isa = PBXFileReference; fileEncoding = 4; lastKnownFileType = text.json; path = m.json; sourceTree = "<group>"; };
		8EC734011E93B96E009D8CB8 /* n.json */ = {isa = PBXFileReference; fileEncoding = 4; lastKnownFileType = text.json; path = n.json; sourceTree = "<group>"; };
		8EC734021E93B96E009D8CB8 /* o.json */ = {isa = PBXFileReference; fileEncoding = 4; lastKnownFileType = text.json; path = o.json; sourceTree = "<group>"; };
		8EC734031E93B96E009D8CB8 /* ö.json */ = {isa = PBXFileReference; fileEncoding = 4; lastKnownFileType = text.json; path = "ö.json"; sourceTree = "<group>"; };
		8EC734041E93B96E009D8CB8 /* p.json */ = {isa = PBXFileReference; fileEncoding = 4; lastKnownFileType = text.json; path = p.json; sourceTree = "<group>"; };
		8EC734051E93B96E009D8CB8 /* r.json */ = {isa = PBXFileReference; fileEncoding = 4; lastKnownFileType = text.json; path = r.json; sourceTree = "<group>"; };
		8EC734061E93B96E009D8CB8 /* s.json */ = {isa = PBXFileReference; fileEncoding = 4; lastKnownFileType = text.json; path = s.json; sourceTree = "<group>"; };
		8EC734071E93B96E009D8CB8 /* ş.json */ = {isa = PBXFileReference; fileEncoding = 4; lastKnownFileType = text.json; path = "ş.json"; sourceTree = "<group>"; };
		8EC734081E93B96E009D8CB8 /* t.json */ = {isa = PBXFileReference; fileEncoding = 4; lastKnownFileType = text.json; path = t.json; sourceTree = "<group>"; };
		8EC734091E93B96E009D8CB8 /* u.json */ = {isa = PBXFileReference; fileEncoding = 4; lastKnownFileType = text.json; path = u.json; sourceTree = "<group>"; };
		8EC7340A1E93B96E009D8CB8 /* ü.json */ = {isa = PBXFileReference; fileEncoding = 4; lastKnownFileType = text.json; path = "ü.json"; sourceTree = "<group>"; };
		8EC7340B1E93B96E009D8CB8 /* v.json */ = {isa = PBXFileReference; fileEncoding = 4; lastKnownFileType = text.json; path = v.json; sourceTree = "<group>"; };
		8EC7340C1E93B96E009D8CB8 /* y.json */ = {isa = PBXFileReference; fileEncoding = 4; lastKnownFileType = text.json; path = y.json; sourceTree = "<group>"; };
		8EC7340D1E93B96E009D8CB8 /* z.json */ = {isa = PBXFileReference; fileEncoding = 4; lastKnownFileType = text.json; path = z.json; sourceTree = "<group>"; };
		8EC7342A1E93D1D2009D8CB8 /* logo_76.png */ = {isa = PBXFileReference; lastKnownFileType = image.png; path = logo_76.png; sourceTree = "<group>"; };
		8EC7342B1E93D1D2009D8CB8 /* logo_76@2x.png */ = {isa = PBXFileReference; lastKnownFileType = image.png; path = "logo_76@2x.png"; sourceTree = "<group>"; };
		8EC7342E1E93D287009D8CB8 /* logo_60.png */ = {isa = PBXFileReference; lastKnownFileType = image.png; path = logo_60.png; sourceTree = "<group>"; };
		8EC7342F1E93D287009D8CB8 /* logo_60@2x.png */ = {isa = PBXFileReference; lastKnownFileType = image.png; path = "logo_60@2x.png"; sourceTree = "<group>"; };
		8EC734321E93D2E5009D8CB8 /* logo_60@3x.png */ = {isa = PBXFileReference; lastKnownFileType = image.png; path = "logo_60@3x.png"; sourceTree = "<group>"; };
		8EC734341E93D37E009D8CB8 /* logo_83.5@2x.png */ = {isa = PBXFileReference; lastKnownFileType = image.png; path = "logo_83.5@2x.png"; sourceTree = "<group>"; };
		8EC734381E93D5E4009D8CB8 /* Default-568h@2x.png */ = {isa = PBXFileReference; lastKnownFileType = image.png; path = "Default-568h@2x.png"; sourceTree = "<group>"; };
		8EC734391E93D5E4009D8CB8 /* Default@2x.png */ = {isa = PBXFileReference; lastKnownFileType = image.png; path = "Default@2x.png"; sourceTree = "<group>"; };
		8ECEEAEF1E92679100597FAA /* Images.xcassets */ = {isa = PBXFileReference; lastKnownFileType = folder.assetcatalog; path = Images.xcassets; sourceTree = "<group>"; };
		CE23AD5F179C1FF300DBE2A9 /* iphoneStoryBoard.storyboard */ = {isa = PBXFileReference; fileEncoding = 4; lastKnownFileType = file.storyboard; path = iphoneStoryBoard.storyboard; sourceTree = "<group>"; };
/* End PBXFileReference section */

/* Begin PBXFrameworksBuildPhase section */
		8E648B7C15602DA500D3EC22 /* Frameworks */ = {
			isa = PBXFrameworksBuildPhase;
			buildActionMask = 2147483647;
			files = (
				8E9102E117CE019C00638303 /* SystemConfiguration.framework in Frameworks */,
				8E9102DF17CE016E00638303 /* Security.framework in Frameworks */,
				8E648B8415602DA500D3EC22 /* UIKit.framework in Frameworks */,
				8E648B8615602DA500D3EC22 /* Foundation.framework in Frameworks */,
				8E648B8815602DA500D3EC22 /* CoreGraphics.framework in Frameworks */,
			);
			runOnlyForDeploymentPostprocessing = 0;
		};
/* End PBXFrameworksBuildPhase section */

/* Begin PBXGroup section */
		36EBCA0F5A592D0D1E7386BB /* Models */ = {
			isa = PBXGroup;
			children = (
				36EBCB78D2252B4595C0B99A /* Word.m */,
				36EBC54C666752E18FA34A0F /* Word.h */,
			);
			path = Models;
			sourceTree = "<group>";
		};
		8E648B7415602DA500D3EC22 = {
			isa = PBXGroup;
			children = (
				8EC734381E93D5E4009D8CB8 /* Default-568h@2x.png */,
				8EC734391E93D5E4009D8CB8 /* Default@2x.png */,
				8EC7342E1E93D287009D8CB8 /* logo_60.png */,
				8EC734321E93D2E5009D8CB8 /* logo_60@3x.png */,
				8EC7342F1E93D287009D8CB8 /* logo_60@2x.png */,
				8EC7342A1E93D1D2009D8CB8 /* logo_76.png */,
				8EC7342B1E93D1D2009D8CB8 /* logo_76@2x.png */,
				8EC734341E93D37E009D8CB8 /* logo_83.5@2x.png */,
				8E9102E217CE052500638303 /* Resources */,
				8E648B8915602DA500D3EC22 /* Lugat Sozluk */,
				8E648B8215602DA500D3EC22 /* Frameworks */,
				8E648B8015602DA500D3EC22 /* Products */,
				487B5B93B6AC466BBE517BAC /* Pods.xcconfig */,
			);
			sourceTree = "<group>";
		};
		8E648B8015602DA500D3EC22 /* Products */ = {
			isa = PBXGroup;
			children = (
				8E648B7F15602DA500D3EC22 /* Lugat Sozluk.app */,
			);
			name = Products;
			sourceTree = "<group>";
		};
		8E648B8215602DA500D3EC22 /* Frameworks */ = {
			isa = PBXGroup;
			children = (
				8E9102E017CE019C00638303 /* SystemConfiguration.framework */,
				8E9102DE17CE016E00638303 /* Security.framework */,
				8E648B8315602DA500D3EC22 /* UIKit.framework */,
				8E648B8515602DA500D3EC22 /* Foundation.framework */,
				8E648B8715602DA500D3EC22 /* CoreGraphics.framework */,
			);
			name = Frameworks;
			sourceTree = "<group>";
		};
		8E648B8915602DA500D3EC22 /* Lugat Sozluk */ = {
			isa = PBXGroup;
			children = (
				8E9102D717CE005B00638303 /* External */,
				8EB4A9FF158DFC78008F351B /* Controllers */,
				8E648BA115602F9100D3EC22 /* Words */,
				8E648B8A15602DA500D3EC22 /* Supporting Files */,
				36EBCA0F5A592D0D1E7386BB /* Models */,
				8ECEEAEF1E92679100597FAA /* Images.xcassets */,
			);
			path = "Lugat Sozluk";
			sourceTree = "<group>";
		};
		8E648B8A15602DA500D3EC22 /* Supporting Files */ = {
			isa = PBXGroup;
			children = (
				8E648BA615602F9100D3EC22 /* InfoPlist.strings */,
				8E648BB215602F9100D3EC22 /* SozlukIOS-Info.plist */,
				8E648BB315602F9100D3EC22 /* SozlukIOS-Prefix.pch */,
				8E648BB415602F9100D3EC22 /* SozlukIOSAppDelegate.h */,
				8E648BB515602F9100D3EC22 /* SozlukIOSAppDelegate.m */,
				8E648B8B15602DA500D3EC22 /* Lugat Sozluk-Info.plist */,
				8E648B8C15602DA500D3EC22 /* InfoPlist.strings */,
				8E648B8F15602DA500D3EC22 /* main.m */,
				8E648B9115602DA500D3EC22 /* Lugat Sozluk-Prefix.pch */,
			);
			name = "Supporting Files";
			sourceTree = "<group>";
		};
		8E648BA115602F9100D3EC22 /* Words */ = {
			isa = PBXGroup;
			children = (
				8EC733F21E93B96E009D8CB8 /* a.json */,
				8EC733F31E93B96E009D8CB8 /* b.json */,
				8EC733F41E93B96E009D8CB8 /* c.json */,
				8EC733F51E93B96E009D8CB8 /* ç.json */,
				8EC733F61E93B96E009D8CB8 /* d.json */,
				8EC733F71E93B96E009D8CB8 /* e.json */,
				8EC733F81E93B96E009D8CB8 /* f.json */,
				8EC733F91E93B96E009D8CB8 /* g.json */,
				8EC733FA1E93B96E009D8CB8 /* h.json */,
				8EC733FB1E93B96E009D8CB8 /* i.json */,
				8EC733FC1E93B96E009D8CB8 /* ı.json */,
				8EC733FD1E93B96E009D8CB8 /* j.json */,
				8EC733FE1E93B96E009D8CB8 /* k.json */,
				8EC733FF1E93B96E009D8CB8 /* l.json */,
				8EC734001E93B96E009D8CB8 /* m.json */,
				8EC734011E93B96E009D8CB8 /* n.json */,
				8EC734021E93B96E009D8CB8 /* o.json */,
				8EC734031E93B96E009D8CB8 /* ö.json */,
				8EC734041E93B96E009D8CB8 /* p.json */,
				8EC734051E93B96E009D8CB8 /* r.json */,
				8EC734061E93B96E009D8CB8 /* s.json */,
				8EC734071E93B96E009D8CB8 /* ş.json */,
				8EC734081E93B96E009D8CB8 /* t.json */,
				8EC734091E93B96E009D8CB8 /* u.json */,
				8EC7340A1E93B96E009D8CB8 /* ü.json */,
				8EC7340B1E93B96E009D8CB8 /* v.json */,
				8EC7340C1E93B96E009D8CB8 /* y.json */,
				8EC7340D1E93B96E009D8CB8 /* z.json */,
			);
			name = Words;
			path = SozlukIOS;
			sourceTree = "<group>";
		};
		8E9102D717CE005B00638303 /* External */ = {
			isa = PBXGroup;
			children = (
			);
			name = External;
			sourceTree = "<group>";
		};
		8E9102E217CE052500638303 /* Resources */ = {
			isa = PBXGroup;
			children = (
				8E9102E317CE053000638303 /* Storyboards */,
			);
			name = Resources;
			sourceTree = "<group>";
		};
		8E9102E317CE053000638303 /* Storyboards */ = {
			isa = PBXGroup;
			children = (
				8EB8B00F179F336800D21F39 /* iPadStoryBoard.storyboard */,
				CE23AD5F179C1FF300DBE2A9 /* iphoneStoryBoard.storyboard */,
			);
			name = Storyboards;
			sourceTree = "<group>";
		};
		8EB4A9FF158DFC78008F351B /* Controllers */ = {
			isa = PBXGroup;
			children = (
				8EB4AA01158DFC9A008F351B /* RootViewController */,
				8EB4AA00158DFC8A008F351B /* DetailViewController */,
			);
			name = Controllers;
			sourceTree = "<group>";
		};
		8EB4AA00158DFC8A008F351B /* DetailViewController */ = {
			isa = PBXGroup;
			children = (
				8E648BA215602F9100D3EC22 /* DetailViewController.h */,
				8E648BA315602F9100D3EC22 /* DetailViewController.m */,
			);
			name = DetailViewController;
			sourceTree = "<group>";
		};
		8EB4AA01158DFC9A008F351B /* RootViewController */ = {
			isa = PBXGroup;
			children = (
				8E648BB015602F9100D3EC22 /* RootViewController.h */,
				8E648BB115602F9100D3EC22 /* RootViewController.m */,
			);
			name = RootViewController;
			path = SozlukIOS;
			sourceTree = "<group>";
		};
/* End PBXGroup section */

/* Begin PBXNativeTarget section */
		8E648B7E15602DA500D3EC22 /* Lugat Sozluk */ = {
			isa = PBXNativeTarget;
			buildConfigurationList = 8E648B9715602DA500D3EC22 /* Build configuration list for PBXNativeTarget "Lugat Sozluk" */;
			buildPhases = (
				192DA89DF2BA497390A777B0 /* Check Pods Manifest.lock */,
				8E648B7B15602DA500D3EC22 /* Sources */,
				8E648B7C15602DA500D3EC22 /* Frameworks */,
				8E648B7D15602DA500D3EC22 /* Resources */,
				D21C9DEE8F2A4F8490ED9F8F /* Copy Pods Resources */,
			);
			buildRules = (
			);
			dependencies = (
			);
			name = "Lugat Sozluk";
			productName = "Lugat Sozluk";
			productReference = 8E648B7F15602DA500D3EC22 /* Lugat Sozluk.app */;
			productType = "com.apple.product-type.application";
		};
/* End PBXNativeTarget section */

/* Begin PBXProject section */
		8E648B7615602DA500D3EC22 /* Project object */ = {
			isa = PBXProject;
			attributes = {
				LastUpgradeCheck = 0730;
				ORGANIZATIONNAME = "rganeyev@gmail.com";
				TargetAttributes = {
					8E648B7E15602DA500D3EC22 = {
						DevelopmentTeam = UDG6JPBR37;
						SystemCapabilities = {
							com.apple.InAppPurchase = {
								enabled = 0;
							};
						};
					};
				};
			};
			buildConfigurationList = 8E648B7915602DA500D3EC22 /* Build configuration list for PBXProject "Lugat Sozluk" */;
			compatibilityVersion = "Xcode 3.2";
			developmentRegion = English;
			hasScannedForEncodings = 0;
			knownRegions = (
				en,
			);
			mainGroup = 8E648B7415602DA500D3EC22;
			productRefGroup = 8E648B8015602DA500D3EC22 /* Products */;
			projectDirPath = "";
			projectRoot = "";
			targets = (
				8E648B7E15602DA500D3EC22 /* Lugat Sozluk */,
			);
		};
/* End PBXProject section */

/* Begin PBXResourcesBuildPhase section */
		8E648B7D15602DA500D3EC22 /* Resources */ = {
			isa = PBXResourcesBuildPhase;
			buildActionMask = 2147483647;
			files = (
				8EC734251E93B96E009D8CB8 /* u.json in Resources */,
				8EC734231E93B96E009D8CB8 /* ş.json in Resources */,
				8EC734291E93B96E009D8CB8 /* z.json in Resources */,
				8EC734121E93B96E009D8CB8 /* d.json in Resources */,
				8E648B8E15602DA500D3EC22 /* InfoPlist.strings in Resources */,
				8EC7343A1E93D5E4009D8CB8 /* Default-568h@2x.png in Resources */,
				8ECEEAF01E92679100597FAA /* Images.xcassets in Resources */,
				8EC734311E93D287009D8CB8 /* logo_60@2x.png in Resources */,
				8EC734151E93B96E009D8CB8 /* g.json in Resources */,
				8E648BBC15602F9100D3EC22 /* InfoPlist.strings in Resources */,
				8EC734281E93B96E009D8CB8 /* y.json in Resources */,
				8EC734211E93B96E009D8CB8 /* r.json in Resources */,
				8E648BC215602F9100D3EC22 /* SozlukIOS-Info.plist in Resources */,
				CE23AD60179C1FF300DBE2A9 /* iphoneStoryBoard.storyboard in Resources */,
				8EB8B010179F336800D21F39 /* iPadStoryBoard.storyboard in Resources */,
				8EC734331E93D2E5009D8CB8 /* logo_60@3x.png in Resources */,
				8EC734141E93B96E009D8CB8 /* f.json in Resources */,
				8EC7341D1E93B96E009D8CB8 /* n.json in Resources */,
				8EC734271E93B96E009D8CB8 /* v.json in Resources */,
				8EC734241E93B96E009D8CB8 /* t.json in Resources */,
				8EC7342D1E93D1D2009D8CB8 /* logo_76@2x.png in Resources */,
				8EC7343B1E93D5E4009D8CB8 /* Default@2x.png in Resources */,
				8EC734101E93B96E009D8CB8 /* c.json in Resources */,
				8EC734351E93D37E009D8CB8 /* logo_83.5@2x.png in Resources */,
				8EC734191E93B96E009D8CB8 /* j.json in Resources */,
				8EC7341E1E93B96E009D8CB8 /* o.json in Resources */,
				8EC734261E93B96E009D8CB8 /* ü.json in Resources */,
				8EC734171E93B96E009D8CB8 /* i.json in Resources */,
				8EC7340E1E93B96E009D8CB8 /* a.json in Resources */,
				8EC7340F1E93B96E009D8CB8 /* b.json in Resources */,
				8EC7342C1E93D1D2009D8CB8 /* logo_76.png in Resources */,
				8EC734161E93B96E009D8CB8 /* h.json in Resources */,
				8EC734301E93D287009D8CB8 /* logo_60.png in Resources */,
				8EC734201E93B96E009D8CB8 /* p.json in Resources */,
				8EC7341B1E93B96E009D8CB8 /* l.json in Resources */,
				8EC7341F1E93B96E009D8CB8 /* ö.json in Resources */,
				8EC7341C1E93B96E009D8CB8 /* m.json in Resources */,
				8EC734221E93B96E009D8CB8 /* s.json in Resources */,
				8EC734111E93B96E009D8CB8 /* ç.json in Resources */,
				8EC734131E93B96E009D8CB8 /* e.json in Resources */,
				8EC734181E93B96E009D8CB8 /* ı.json in Resources */,
				8EC7341A1E93B96E009D8CB8 /* k.json in Resources */,
			);
			runOnlyForDeploymentPostprocessing = 0;
		};
/* End PBXResourcesBuildPhase section */

/* Begin PBXShellScriptBuildPhase section */
		192DA89DF2BA497390A777B0 /* Check Pods Manifest.lock */ = {
			isa = PBXShellScriptBuildPhase;
			buildActionMask = 2147483647;
			files = (
			);
			inputPaths = (
			);
			name = "Check Pods Manifest.lock";
			outputPaths = (
			);
			runOnlyForDeploymentPostprocessing = 0;
			shellPath = /bin/sh;
			shellScript = "diff \"${PODS_ROOT}/../Podfile.lock\" \"${PODS_ROOT}/Manifest.lock\" > /dev/null\nif [[ $? != 0 ]] ; then\n    cat << EOM\nerror: The sandbox is not in sync with the Podfile.lock. Run 'pod install' or update your CocoaPods installation.\nEOM\n    exit 1\nfi\n";
			showEnvVarsInLog = 0;
		};
		D21C9DEE8F2A4F8490ED9F8F /* Copy Pods Resources */ = {
			isa = PBXShellScriptBuildPhase;
			buildActionMask = 2147483647;
			files = (
			);
			inputPaths = (
			);
			name = "Copy Pods Resources";
			outputPaths = (
			);
			runOnlyForDeploymentPostprocessing = 0;
			shellPath = /bin/sh;
			shellScript = "\"${SRCROOT}/Pods/Pods-resources.sh\"\n";
			showEnvVarsInLog = 0;
		};
/* End PBXShellScriptBuildPhase section */

/* Begin PBXSourcesBuildPhase section */
		8E648B7B15602DA500D3EC22 /* Sources */ = {
			isa = PBXSourcesBuildPhase;
			buildActionMask = 2147483647;
			files = (
				8E648B9015602DA500D3EC22 /* main.m in Sources */,
				8E648BB915602F9100D3EC22 /* DetailViewController.m in Sources */,
				8E648BC115602F9100D3EC22 /* RootViewController.m in Sources */,
				8E648BC315602F9100D3EC22 /* SozlukIOSAppDelegate.m in Sources */,
				36EBC8B26EBE71DE605D454D /* Word.m in Sources */,
			);
			runOnlyForDeploymentPostprocessing = 0;
		};
/* End PBXSourcesBuildPhase section */

/* Begin PBXVariantGroup section */
		8E648B8C15602DA500D3EC22 /* InfoPlist.strings */ = {
			isa = PBXVariantGroup;
			children = (
				8E648B8D15602DA500D3EC22 /* en */,
			);
			name = InfoPlist.strings;
			sourceTree = "<group>";
		};
		8E648BA615602F9100D3EC22 /* InfoPlist.strings */ = {
			isa = PBXVariantGroup;
			children = (
				8E648BA715602F9100D3EC22 /* en */,
			);
			name = InfoPlist.strings;
			path = SozlukIOS;
			sourceTree = "<group>";
		};
/* End PBXVariantGroup section */

/* Begin XCBuildConfiguration section */
		8E648B9515602DA500D3EC22 /* Debug */ = {
			isa = XCBuildConfiguration;
			buildSettings = {
				ALWAYS_SEARCH_USER_PATHS = NO;
				CLANG_WARN_BOOL_CONVERSION = YES;
				CLANG_WARN_CONSTANT_CONVERSION = YES;
				CLANG_WARN_EMPTY_BODY = YES;
				CLANG_WARN_ENUM_CONVERSION = YES;
				CLANG_WARN_INT_CONVERSION = YES;
				CLANG_WARN_UNREACHABLE_CODE = YES;
				CLANG_WARN__DUPLICATE_METHOD_MATCH = YES;
				"CODE_SIGN_IDENTITY[sdk=iphoneos*]" = "iPhone Developer";
				COPY_PHASE_STRIP = NO;
				ENABLE_STRICT_OBJC_MSGSEND = YES;
				ENABLE_TESTABILITY = YES;
				GCC_C_LANGUAGE_STANDARD = gnu99;
				GCC_DYNAMIC_NO_PIC = NO;
				GCC_NO_COMMON_BLOCKS = YES;
				GCC_OPTIMIZATION_LEVEL = 0;
				GCC_PREPROCESSOR_DEFINITIONS = (
					"DEBUG=1",
					"$(inherited)",
				);
				GCC_SYMBOLS_PRIVATE_EXTERN = NO;
				GCC_VERSION = com.apple.compilers.llvm.clang.1_0;
				GCC_WARN_64_TO_32_BIT_CONVERSION = YES;
				GCC_WARN_ABOUT_RETURN_TYPE = YES;
				GCC_WARN_UNDECLARED_SELECTOR = YES;
				GCC_WARN_UNINITIALIZED_AUTOS = YES;
				GCC_WARN_UNUSED_FUNCTION = YES;
				GCC_WARN_UNUSED_VARIABLE = YES;
				IPHONEOS_DEPLOYMENT_TARGET = 5.1;
				ONLY_ACTIVE_ARCH = YES;
				SDKROOT = iphoneos;
				TARGETED_DEVICE_FAMILY = "1,2";
			};
			name = Debug;
		};
		8E648B9615602DA500D3EC22 /* Release */ = {
			isa = XCBuildConfiguration;
			buildSettings = {
				ALWAYS_SEARCH_USER_PATHS = NO;
				CLANG_WARN_BOOL_CONVERSION = YES;
				CLANG_WARN_CONSTANT_CONVERSION = YES;
				CLANG_WARN_EMPTY_BODY = YES;
				CLANG_WARN_ENUM_CONVERSION = YES;
				CLANG_WARN_INT_CONVERSION = YES;
				CLANG_WARN_UNREACHABLE_CODE = YES;
				CLANG_WARN__DUPLICATE_METHOD_MATCH = YES;
				"CODE_SIGN_IDENTITY[sdk=iphoneos*]" = "iPhone Developer";
				COPY_PHASE_STRIP = YES;
				ENABLE_STRICT_OBJC_MSGSEND = YES;
				GCC_C_LANGUAGE_STANDARD = gnu99;
				GCC_NO_COMMON_BLOCKS = YES;
				GCC_VERSION = com.apple.compilers.llvm.clang.1_0;
				GCC_WARN_64_TO_32_BIT_CONVERSION = YES;
				GCC_WARN_ABOUT_RETURN_TYPE = YES;
				GCC_WARN_UNDECLARED_SELECTOR = YES;
				GCC_WARN_UNINITIALIZED_AUTOS = YES;
				GCC_WARN_UNUSED_FUNCTION = YES;
				GCC_WARN_UNUSED_VARIABLE = YES;
				IPHONEOS_DEPLOYMENT_TARGET = 5.1;
				OTHER_CFLAGS = "-DNS_BLOCK_ASSERTIONS=1";
				SDKROOT = iphoneos;
				TARGETED_DEVICE_FAMILY = "1,2";
				VALIDATE_PRODUCT = YES;
			};
			name = Release;
		};
		8E648B9815602DA500D3EC22 /* Debug */ = {
			isa = XCBuildConfiguration;
			baseConfigurationReference = 487B5B93B6AC466BBE517BAC /* Pods.xcconfig */;
			buildSettings = {
				ASSETCATALOG_COMPILER_APPICON_NAME = AppIcon;
				ASSETCATALOG_COMPILER_LAUNCHIMAGE_NAME = "Brand Assets";
				CLANG_ENABLE_OBJC_ARC = YES;
				CODE_SIGN_IDENTITY = "iPhone Distribution: RUSTAM GANEEV (UDG6JPBR37)";
				"CODE_SIGN_IDENTITY[sdk=iphoneos*]" = "iPhone Distribution: RUSTAM GANEEV (UDG6JPBR37)";
				DEBUG_INFORMATION_FORMAT = "dwarf-with-dsym";
				GCC_PRECOMPILE_PREFIX_HEADER = YES;
				GCC_PREFIX_HEADER = "Lugat Sozluk/Lugat Sozluk-Prefix.pch";
				INFOPLIST_FILE = "Lugat Sozluk/Lugat Sozluk-Info.plist";
				IPHONEOS_DEPLOYMENT_TARGET = 9.0;
				LIBRARY_SEARCH_PATHS = (
					"$(inherited)",
					"\"$(SRCROOT)/Lugat Sozluk\"",
				);
				ONLY_ACTIVE_ARCH = YES;
				PRODUCT_BUNDLE_IDENTIFIER = "ru.aka-group.${PRODUCT_NAME:rfc1034identifier}";
				PRODUCT_NAME = "$(TARGET_NAME)";
				PROVISIONING_PROFILE = "b016d6aa-997d-4599-b895-f07714297183";
				"PROVISIONING_PROFILE[sdk=iphoneos*]" = "b016d6aa-997d-4599-b895-f07714297183";
				TARGETED_DEVICE_FAMILY = "1,2";
				WRAPPER_EXTENSION = app;
			};
			name = Debug;
		};
		8E648B9915602DA500D3EC22 /* Release */ = {
			isa = XCBuildConfiguration;
			baseConfigurationReference = 487B5B93B6AC466BBE517BAC /* Pods.xcconfig */;
			buildSettings = {
				ASSETCATALOG_COMPILER_APPICON_NAME = AppIcon;
				ASSETCATALOG_COMPILER_LAUNCHIMAGE_NAME = "Brand Assets";
				CLANG_ENABLE_OBJC_ARC = YES;
				CODE_SIGN_IDENTITY = "iPhone Distribution: RUSTAM GANEEV (UDG6JPBR37)";
				"CODE_SIGN_IDENTITY[sdk=iphoneos*]" = "iPhone Distribution: RUSTAM GANEEV (UDG6JPBR37)";
				DEBUG_INFORMATION_FORMAT = "dwarf-with-dsym";
				GCC_PRECOMPILE_PREFIX_HEADER = YES;
				GCC_PREFIX_HEADER = "Lugat Sozluk/Lugat Sozluk-Prefix.pch";
				INFOPLIST_FILE = "Lugat Sozluk/Lugat Sozluk-Info.plist";
				IPHONEOS_DEPLOYMENT_TARGET = 9.0;
				LIBRARY_SEARCH_PATHS = (
					"$(inherited)",
					"\"$(SRCROOT)/Lugat Sozluk\"",
				);
				PRODUCT_BUNDLE_IDENTIFIER = "ru.aka-group.${PRODUCT_NAME:rfc1034identifier}";
				PRODUCT_NAME = "$(TARGET_NAME)";
				PROVISIONING_PROFILE = "b016d6aa-997d-4599-b895-f07714297183";
				"PROVISIONING_PROFILE[sdk=iphoneos*]" = "b016d6aa-997d-4599-b895-f07714297183";
				TARGETED_DEVICE_FAMILY = "1,2";
				WRAPPER_EXTENSION = app;
			};
			name = Release;
		};
/* End XCBuildConfiguration section */

/* Begin XCConfigurationList section */
		8E648B7915602DA500D3EC22 /* Build configuration list for PBXProject "Lugat Sozluk" */ = {
			isa = XCConfigurationList;
			buildConfigurations = (
				8E648B9515602DA500D3EC22 /* Debug */,
				8E648B9615602DA500D3EC22 /* Release */,
			);
			defaultConfigurationIsVisible = 0;
			defaultConfigurationName = Release;
		};
		8E648B9715602DA500D3EC22 /* Build configuration list for PBXNativeTarget "Lugat Sozluk" */ = {
			isa = XCConfigurationList;
			buildConfigurations = (
				8E648B9815602DA500D3EC22 /* Debug */,
				8E648B9915602DA500D3EC22 /* Release */,
			);
			defaultConfigurationIsVisible = 0;
			defaultConfigurationName = Release;
		};
/* End XCConfigurationList section */
	};
	rootObject = 8E648B7615602DA500D3EC22 /* Project object */;
}
